%{
  "accept": {:hex, :accept, "0.3.5", "b33b127abca7cc948bbe6caa4c263369abf1347cfa9d8e699c6d214660f10cd1", [:rebar3], [], "hexpm", "11b18c220bcc2eab63b5470c038ef10eb6783bcb1fcdb11aa4137defa5ac1bb8"},
  "accessible": {:hex, :accessible, "0.2.1", "09b2808ee9a451e392beab2766bec93daf2944ad31cc130b172fc49bde8edb3c", [:mix], [], "hexpm", "e4462b4e6f55369ac9c74320a55686a973d08ba641cadedcb494ccf38bf1910d"},
  "artificery": {:hex, :artificery, "0.4.2", "3ded6e29e13113af52811c72f414d1e88f711410cac1b619ab3a2666bbd7efd4", [:mix], [], "hexpm", "514586f4312ef3709a3ccbd8e55f69455add235c1729656687bb781d10d0afdb"},
  "assertions": {:hex, :assertions, "0.14.1", "352391bbcecbfce7d4594df1267ee4ca7a8b79981859a4befdf62dd798769c42", [:mix], [], "hexpm", "61976ce0ea61c0a3c95233eb7b9afe6fa4db7da0ac9f83d0408e2d500e7c48f4"},
  "atomic_map": {:hex, :atomic_map, "0.9.3", "3c7f1302e0590164732d08ca999708efbb2cd768abf2911cf140280ce2dc499d", [:mix], [], "hexpm", "c237babf301bd2435bd85b96cffc973022b4cbb7721537059ee0dd3bb74938d2"},
  "benchee": {:hex, :benchee, "1.0.1", "66b211f9bfd84bd97e6d1beaddf8fc2312aaabe192f776e8931cb0c16f53a521", [:mix], [{:deep_merge, "~> 1.0", [hex: :deep_merge, repo: "hexpm", optional: false]}], "hexpm", "3ad58ae787e9c7c94dd7ceda3b587ec2c64604563e049b2a0e8baafae832addb"},
  "brex_result": {:hex, :brex_result, "0.4.0", "c4f2a4a5b487c3d4cd0c94cef5df596eeae986c1dc7cfe08755efc7e766610eb", [:mix], [], "hexpm", "c221aac71c48727ef55dc56cf845772a54e1db538564280c868eb0595e1e44f8"},
  "broadway": {:hex, :broadway, "0.6.1", "0626dfab85ec1ad7efabe8d85803847ffc9db5afce47848b11ad754c8d1f8f15", [:mix], [{:gen_stage, "~> 1.0", [hex: :gen_stage, repo: "hexpm", optional: false]}, {:telemetry, "~> 0.4.0", [hex: :telemetry, repo: "hexpm", optional: false]}], "hexpm", "2786b70cdcb680a50241fa31a42d57c9de0a8c7eba4d60d677b6fbaa8c7a099e"},
  "brod": {:hex, :brod, "3.14.0", "f959408e88acd0feca22f6a43ca26e70201c6e5c57dc74b87f08ef65a5e7fe18", [:rebar3], [{:kafka_protocol, "2.3.6", [hex: :kafka_protocol, repo: "hexpm", optional: false]}, {:supervisor3, "1.1.11", [hex: :supervisor3, repo: "hexpm", optional: false]}], "hexpm", "a0153437835b810d93e79c7000f55b0c4bd62c281a3224a2615f6aa72b52d484"},
  "brook": {:hex, :brook, "0.4.9", "5044cccaf55b30f9911b03ad1bb3e3d85054e4f7a84cd627be861578f062b88a", [:mix], [{:brook_serializer, "~> 2.0", [hex: :brook_serializer, repo: "hexpm", optional: false]}, {:elsa, "~> 0.10", [hex: :elsa, repo: "hexpm", optional: false]}, {:redix, "~> 0.10.2", [hex: :redix, repo: "hexpm", optional: false]}], "hexpm", "f1812a9f59d304bc2348ffaff95f8823858a21b100d0dfc93e89730aa9262d6d"},
  "brook_serializer": {:hex, :brook_serializer, "2.2.1", "28b756b726140628d178f1c9f654c63ddce4aa1efd729fd651893f91a9b2b478", [:mix], [{:jason, "~> 1.1", [hex: :jason, repo: "hexpm", optional: false]}], "hexpm", "a8743cdb712b89d30bf8514869b24f736fe4097aaa32b67cc473fcfdc9ca3d36"},
  "bunt": {:hex, :bunt, "0.2.0", "951c6e801e8b1d2cbe58ebbd3e616a869061ddadcc4863d0a2182541acae9a38", [:mix], [], "hexpm", "7af5c7e09fe1d40f76c8e4f9dd2be7cebd83909f31fee7cd0e9eadc567da8353"},
  "bypass": {:hex, :bypass, "2.1.0", "909782781bf8e20ee86a9cabde36b259d44af8b9f38756173e8f5e2e1fabb9b1", [:mix], [{:plug, "~> 1.7", [hex: :plug, repo: "hexpm", optional: false]}, {:plug_cowboy, "~> 2.0", [hex: :plug_cowboy, repo: "hexpm", optional: false]}, {:ranch, "~> 1.3", [hex: :ranch, repo: "hexpm", optional: false]}], "hexpm", "d9b5df8fa5b7a6efa08384e9bbecfe4ce61c77d28a4282f79e02f1ef78d96b80"},
  "cachex": {:hex, :cachex, "3.2.0", "a596476c781b0646e6cb5cd9751af2e2974c3e0d5498a8cab71807618b74fe2f", [:mix], [{:eternal, "~> 1.2", [hex: :eternal, repo: "hexpm", optional: false]}, {:jumper, "~> 1.0", [hex: :jumper, repo: "hexpm", optional: false]}, {:sleeplocks, "~> 1.1", [hex: :sleeplocks, repo: "hexpm", optional: false]}, {:unsafe, "~> 1.0", [hex: :unsafe, repo: "hexpm", optional: false]}], "hexpm", "aef93694067a43697ae0531727e097754a9e992a1e7946296f5969d6dd9ac986"},
  "castore": {:hex, :castore, "0.1.8", "1b61eaba71bb755b756ac42d4741f4122f8beddb92456a84126d6177ec0af1fc", [:mix], [], "hexpm", "23ab8305baadb057bc689adc0088309f808cb2247dc9a48b87849bb1d242bb6c"},
  "certifi": {:hex, :certifi, "2.9.0", "6f2a475689dd47f19fb74334859d460a2dc4e3252a3324bd2111b8f0429e7e21", [:rebar3], [], "hexpm", "266da46bdb06d6c6d35fde799bcb28d36d985d424ad7c08b5bb48f5b5cdd4641"},
  "checkov": {:hex, :checkov, "1.0.0", "cecf1be22ea506b2fbd6741d7c00f4876bb2be76ea1b95493c25b51028f24410", [:mix], [], "hexpm", "9fa85e6fdf1bcec2dd0d996d0c1e5a83e336dafb97c931232af1cb1e7ef4420a"},
  "combinatorics": {:hex, :combinatorics, "0.1.0", "88c870a34196ff32243180c6abdc947c57877b35915d5f0a444f3f052aa27134", [:mix], [], "hexpm", "81f54a189887ce536decad76fde62f87abdcd4b64bcd0cec7b72a5995f2d36fa"},
  "combine": {:hex, :combine, "0.10.0", "eff8224eeb56498a2af13011d142c5e7997a80c8f5b97c499f84c841032e429f", [:mix], [], "hexpm", "1b1dbc1790073076580d0d1d64e42eae2366583e7aecd455d1215b0d16f2451b"},
  "configparser_ex": {:hex, :configparser_ex, "4.0.0", "17e2b831cfa33a08c56effc610339b2986f0d82a9caa0ed18880a07658292ab6", [:mix], [], "hexpm", "02e6d1a559361a063cba7b75bc3eb2d6ad7e62730c551cc4703541fd11e65e5b"},
  "connection": {:hex, :connection, "1.0.4", "a1cae72211f0eef17705aaededacac3eb30e6625b04a6117c1b2db6ace7d5976", [:mix], [], "hexpm", "4a0850c9be22a43af9920a71ab17c051f5f7d45c209e40269a1938832510e4d9"},
  "corsica": {:hex, :corsica, "1.1.2", "5ad8b9dcbeeda4762d78a57c0c8c2f88e1eef8741508517c98cb79e0db1f107d", [:mix], [{:plug, "~> 1.0", [hex: :plug, repo: "hexpm", optional: false]}], "hexpm", "b7ae4485dc782266cab8d72fc7bb528f2393a4accf3a944834f86978c85fd8fa"},
  "cowboy": {:hex, :cowboy, "2.8.0", "f3dc62e35797ecd9ac1b50db74611193c29815401e53bac9a5c0577bd7bc667d", [:rebar3], [{:cowlib, "~> 2.9.1", [hex: :cowlib, repo: "hexpm", optional: false]}, {:ranch, "~> 1.7.1", [hex: :ranch, repo: "hexpm", optional: false]}], "hexpm", "4643e4fba74ac96d4d152c75803de6fad0b3fa5df354c71afdd6cbeeb15fac8a"},
  "cowboy_telemetry": {:hex, :cowboy_telemetry, "0.3.1", "ebd1a1d7aff97f27c66654e78ece187abdc646992714164380d8a041eda16754", [:rebar3], [{:cowboy, "~> 2.7", [hex: :cowboy, repo: "hexpm", optional: false]}, {:telemetry, "~> 0.4", [hex: :telemetry, repo: "hexpm", optional: false]}], "hexpm", "3a6efd3366130eab84ca372cbd4a7d3c3a97bdfcfb4911233b035d117063f0af"},
  "cowlib": {:hex, :cowlib, "2.9.1", "61a6c7c50cf07fdd24b2f45b89500bb93b6686579b069a89f88cb211e1125c78", [:rebar3], [], "hexpm", "e4175dc240a70d996156160891e1c62238ede1729e45740bdd38064dad476170"},
  "crc32cer": {:hex, :crc32cer, "0.1.4", "a656dff19474d1a1fc5bb0081610ab6b0695b23affc47fa90abeb079a8ef9752", [:rebar3], [], "hexpm", "964735a5422cf65bbc5354860a560fff546f0026f83f8860525bd58ab5bade5d"},
  "credo": {:hex, :credo, "1.4.0", "92339d4cbadd1e88b5ee43d427b639b68a11071b6f73854e33638e30a0ea11f5", [:mix], [{:bunt, "~> 0.2.0", [hex: :bunt, repo: "hexpm", optional: false]}, {:jason, "~> 1.0", [hex: :jason, repo: "hexpm", optional: false]}], "hexpm", "1fd3b70dce216574ce3c18bdf510b57e7c4c85c2ec9cad4bff854abaf7e58658"},
  "crontab": {:hex, :crontab, "1.1.10", "dc9bb1f4299138d47bce38341f5dcbee0aa6c205e864fba7bc847f3b5cb48241", [:mix], [{:ecto, "~> 1.0 or ~> 2.0 or ~> 3.0", [hex: :ecto, repo: "hexpm", optional: true]}], "hexpm", "1347d889d1a0eda997990876b4894359e34bfbbd688acbb0ba28a2795ca40685"},
  "csv": {:hex, :csv, "2.3.1", "9ce11eff5a74a07baf3787b2b19dd798724d29a9c3a492a41df39f6af686da0e", [:mix], [{:parallel_stream, "~> 1.0.4", [hex: :parallel_stream, repo: "hexpm", optional: false]}], "hexpm", "86626e1c89a4ad9a96d0d9c638f9e88c2346b89b4ba1611988594ebe72b5d5ee"},
  "db_connection": {:hex, :db_connection, "2.2.1", "caee17725495f5129cb7faebde001dc4406796f12a62b8949f4ac69315080566", [:mix], [{:connection, "~> 1.0.2", [hex: :connection, repo: "hexpm", optional: false]}], "hexpm", "2b02ece62d9f983fcd40954e443b7d9e6589664380e5546b2b9b523cd0fb59e1"},
  "decimal": {:hex, :decimal, "1.9.0", "83e8daf59631d632b171faabafb4a9f4242c514b0a06ba3df493951c08f64d07", [:mix], [], "hexpm", "b1f2343568eed6928f3e751cf2dffde95bfaa19dd95d09e8a9ea92ccfd6f7d85"},
  "deep_merge": {:hex, :deep_merge, "1.0.0", "b4aa1a0d1acac393bdf38b2291af38cb1d4a52806cf7a4906f718e1feb5ee961", [:mix], [], "hexpm", "ce708e5f094b9cd4e8f2be4f00d2f4250c4095be93f8cd6d018c753894885430"},
  "delta_crdt": {:hex, :delta_crdt, "0.5.10", "e866f8d1b89bee497a98b9793e9ba0ea514112a1c41a0c30dcde3463d4984d14", [:mix], [{:merkle_map, "~> 0.2.0", [hex: :merkle_map, repo: "hexpm", optional: false]}, {:telemetry, "~> 0.4.0", [hex: :telemetry, repo: "hexpm", optional: false]}], "hexpm", "ed5c685df9528788d7c056762c23f75358f3cadd4779698188a55ccae24d087a"},
  "dialyxir": {:hex, :dialyxir, "1.0.0-rc.7", "6287f8f2cb45df8584317a4be1075b8c9b8a69de8eeb82b4d9e6c761cf2664cd", [:mix], [{:erlex, ">= 0.2.5", [hex: :erlex, repo: "hexpm", optional: false]}], "hexpm", "506294d6c543e4e5282d4852aead19ace8a35bedeb043f9256a06a6336827122"},
  "distillery": {:hex, :distillery, "2.1.1", "f9332afc2eec8a1a2b86f22429e068ef35f84a93ea1718265e740d90dd367814", [:mix], [{:artificery, "~> 0.2", [hex: :artificery, repo: "hexpm", optional: false]}], "hexpm", "bbc7008b0161a6f130d8d903b5b3232351fccc9c31a991f8fcbf2a12ace22995"},
  "divo": {:hex, :divo, "1.3.2", "3a5ce880a1fe930ea804361d1b57b5144129e79e1c856623d923a6fab6d539a1", [:mix], [{:jason, "~> 1.1", [hex: :jason, repo: "hexpm", optional: false]}, {:patiently, "~> 0.2", [hex: :patiently, repo: "hexpm", optional: false]}], "hexpm", "4bd035510838959709db2cacd28edd2eda7948d0e7f1b0dfa810a134c913a88a"},
  "divo_kafka": {:hex, :divo_kafka, "0.1.6", "dffaa5d419d75e6607b581187347e6fef18b9d06d517a0f7a49772b52f60115f", [:mix], [{:divo, "~> 1.3", [hex: :divo, repo: "hexpm", optional: false]}], "hexpm", "cbc408a8b6593784524b5fee09aae0e9cc58328a174fc6d3f337d9fb34b4bc62"},
  "divo_postgres": {:hex, :divo_postgres, "0.2.0", "503b7047b1b577cd217e491fdfccd599b904963f1614a0ff24c2380cba5b69eb", [:mix], [{:divo, "~> 1.3", [hex: :divo, repo: "hexpm", optional: false]}], "hexpm", "1519487f4e6cbb6e359929934a0f3ba87374a0efd738c05a69c3ab44af86200f"},
  "divo_redis": {:hex, :divo_redis, "0.1.4", "f5bbe82ce88bdd0ea54d6b14cd8dc1a800b872f0e488e6f2715b95cd6f349ee7", [:mix], [{:divo, "~> 1.3", [hex: :divo, repo: "hexpm", optional: false]}], "hexpm", "c85a10097a73b22a2ee1137af3af5c68bb5a6917c0147ffef3643ed82e41be46"},
  "earmark": {:hex, :earmark, "1.4.3", "364ca2e9710f6bff494117dbbd53880d84bebb692dafc3a78eb50aa3183f2bfd", [:mix], [], "hexpm", "8cf8a291ebf1c7b9539e3cddb19e9cef066c2441b1640f13c34c1d3cfc825fec"},
  "earmark_parser": {:hex, :earmark_parser, "1.4.25", "2024618731c55ebfcc5439d756852ec4e85978a39d0d58593763924d9a15916f", [:mix], [], "hexpm", "56749c5e1c59447f7b7a23ddb235e4b3defe276afc220a6227237f3efe83f51e"},
  "ecto": {:hex, :ecto, "3.5.4", "73ee115deb10769c73fd2d27e19e36bc4af7c56711ad063616a86aec44f80f6f", [:mix], [{:decimal, "~> 1.6 or ~> 2.0", [hex: :decimal, repo: "hexpm", optional: false]}, {:jason, "~> 1.0", [hex: :jason, repo: "hexpm", optional: true]}, {:telemetry, "~> 0.4", [hex: :telemetry, repo: "hexpm", optional: false]}], "hexpm", "7f13f9c9c071bd2ca04652373ff3edd1d686364de573255096872a4abc471807"},
  "ecto_sql": {:hex, :ecto_sql, "3.3.3", "7d8962d39f16181c1df1bbd0f64aa392bd9ce0b9f8ff5ff21d43dca3d624eee7", [:mix], [{:db_connection, "~> 2.2", [hex: :db_connection, repo: "hexpm", optional: false]}, {:ecto, "~> 3.4 or ~> 3.3.2", [hex: :ecto, repo: "hexpm", optional: false]}, {:myxql, "~> 0.3.0", [hex: :myxql, repo: "hexpm", optional: true]}, {:postgrex, "~> 0.15.0", [hex: :postgrex, repo: "hexpm", optional: true]}, {:telemetry, "~> 0.4.0", [hex: :telemetry, repo: "hexpm", optional: false]}], "hexpm", "3d5b8e14836d930448d79ab6ac325501c3c62caed83c34791d5af77718766795"},
  "elastix": {:hex, :elastix, "0.8.0", "09b7ce7f0541bdd26225e29ade6360e3cf0c0e26088367b97b798e2f40e6c038", [:mix], [{:httpoison, "~> 1.4", [hex: :httpoison, repo: "hexpm", optional: false]}, {:poison, "~> 4.0", [hex: :poison, repo: "hexpm", optional: true]}, {:retry, "~> 0.8", [hex: :retry, repo: "hexpm", optional: false]}], "hexpm", "8e7efc4bf6daf37bc99e2253a7f540c4e40464725a1ed3667a81de6ab5ed58d6"},
  "elixir_make": {:hex, :elixir_make, "0.6.0", "38349f3e29aff4864352084fc736fa7fa0f2995a819a737554f7ebd28b85aaab", [:mix], [], "hexpm", "d522695b93b7f0b4c0fcb2dfe73a6b905b1c301226a5a55cb42e5b14d509e050"},
  "elixir_uuid": {:hex, :elixir_uuid, "1.2.1", "dce506597acb7e6b0daeaff52ff6a9043f5919a4c3315abb4143f0b00378c097", [:mix], [], "hexpm", "f7eba2ea6c3555cea09706492716b0d87397b88946e6380898c2889d68585752"},
  "elsa": {:hex, :elsa, "0.12.3", "980296206524e47a9ecf7c11ff45e8f4ffcd7656a914484fe8b72c28591267ef", [:mix], [{:brod, "~> 3.9", [hex: :brod, repo: "hexpm", optional: false]}], "hexpm", "79c1b4224d0cde23de74490fac3cf3390f5f20d3ca6f8a47a25d02e2f1bbd610"},
  "erlex": {:hex, :erlex, "0.2.5", "e51132f2f472e13d606d808f0574508eeea2030d487fc002b46ad97e738b0510", [:mix], [], "hexpm", "756d3e19b056339af674b715fdd752c5dac468cf9d0e2d1a03abf4574e99fbf8"},
  "eternal": {:hex, :eternal, "1.2.1", "d5b6b2499ba876c57be2581b5b999ee9bdf861c647401066d3eeed111d096bc4", [:mix], [], "hexpm", "b14f1dc204321429479c569cfbe8fb287541184ed040956c8862cb7a677b8406"},
  "ex_aws": {:hex, :ex_aws, "2.1.1", "1e4de2106cfbf4e837de41be41cd15813eabc722315e388f0d6bb3732cec47cd", [:mix], [{:configparser_ex, "~> 4.0", [hex: :configparser_ex, repo: "hexpm", optional: true]}, {:hackney, "1.6.3 or 1.6.5 or 1.7.1 or 1.8.6 or ~> 1.9", [hex: :hackney, repo: "hexpm", optional: true]}, {:jsx, "~> 2.8", [hex: :jsx, repo: "hexpm", optional: true]}, {:poison, ">= 1.2.0", [hex: :poison, repo: "hexpm", optional: true]}, {:sweet_xml, "~> 0.6", [hex: :sweet_xml, repo: "hexpm", optional: true]}], "hexpm", "06b6fde12b33bb6d65d5d3493e903ba5a56d57a72350c15285a4298338089e10"},
  "ex_aws_cloudwatch": {:hex, :ex_aws_cloudwatch, "2.0.4", "f23ac70de91402e14b1393a349e1aba30478cf8af864687eeae05dc968f87acf", [:mix], [{:ex_aws, "~> 2.0", [hex: :ex_aws, repo: "hexpm", optional: false]}], "hexpm", "faa5e5ba809c083b0460cc843b5082b200bb37d2abb25becb62c314b2796ae58"},
  "ex_aws_s3": {:git, "https://github.com/ex-aws/ex_aws_s3", "6b9fdac73b62dee14bffb939965742f2576f2a7b", [ref: "6b9fdac73b62dee14bffb939965742f2576f2a7b"]},
  "ex_aws_sts": {:hex, :ex_aws_sts, "2.1.0", "43886580812a2fd9952b62c14cb55c548c6bf2fa7ed98b6496c929b7fbe46f18", [:mix], [{:ex_aws, "~> 2.0", [hex: :ex_aws, repo: "hexpm", optional: false]}], "hexpm", "3ef724b249891e94ce58ba47dabd9457f1b3b9d3ca20c92afe179b814fe35fce"},
  "ex_doc": {:hex, :ex_doc, "0.28.4", "001a0ea6beac2f810f1abc3dbf4b123e9593eaa5f00dd13ded024eae7c523298", [:mix], [{:earmark_parser, "~> 1.4.19", [hex: :earmark_parser, repo: "hexpm", optional: false]}, {:makeup_elixir, "~> 0.14", [hex: :makeup_elixir, repo: "hexpm", optional: false]}, {:makeup_erlang, "~> 0.1", [hex: :makeup_erlang, repo: "hexpm", optional: false]}], "hexpm", "bf85d003dd34911d89c8ddb8bda1a958af3471a274a4c2150a9c01c78ac3f8ed"},
  "ex_json_schema": {:hex, :ex_json_schema, "0.7.3", "3289bf2edf57eb1ae0d5af35bc6d6c37d7e6d935f72e0120c7f0704510956049", [:mix], [], "hexpm", "d5389c44e2804d4e6cada6f4a99d68f9d2bc0e38c2e0fd21383f1878425bd5a9"},
  "excoveralls": {:hex, :excoveralls, "0.11.2", "0c6f2c8db7683b0caa9d490fb8125709c54580b4255ffa7ad35f3264b075a643", [:mix], [{:hackney, "~> 1.0", [hex: :hackney, repo: "hexpm", optional: false]}, {:jason, "~> 1.0", [hex: :jason, repo: "hexpm", optional: false]}], "hexpm", "e11a4490976aabeed3eb9dc70ec94a4f2d11fed5c9d4b5dc5d89bfa0a215abb5"},
  "exprintf": {:hex, :exprintf, "0.2.1", "b7e895dfb00520cfb7fc1671303b63b37dc3897c59be7cbf1ae62f766a8a0314", [:mix], [], "hexpm", "20a0e8c880be90e56a77fcc82533c5d60c643915c7ce0cc8aa1e06ed6001da28"},
  "exprof": {:hex, :exprof, "0.2.3", "8d4d657d73fc0c9ef1e30b2f9207b26ccbd2aec2baf1ca43f0b6d244c841c9f8", [:mix], [{:exprintf, "~> 0.2", [hex: :exprintf, repo: "hexpm", optional: false]}], "hexpm", "040410c672e2403908f578fb1e203a178692bbcd61b11d3745912662532b1dad"},
  "exshape": {:hex, :exshape, "2.2.6", "6b24d0e187cbe8761e3eceb77d1061cbdb9e54e3ee6dd3236befa0d530f7885b", [:mix], [{:elixir_uuid, "~> 1.2", [hex: :elixir_uuid, repo: "hexpm", optional: false]}], "hexpm", "0eff292716f7cfef73c7b4c74b08b3b0c7c557b5e575e50e2a9c8331bb7c226f"},
  "faker": {:hex, :faker, "0.17.0", "671019d0652f63aefd8723b72167ecdb284baf7d47ad3a82a15e9b8a6df5d1fa", [:mix], [], "hexpm", "a7d4ad84a93fd25c5f5303510753789fc2433ff241bf3b4144d3f6f291658a6a"},
  "file_system": {:hex, :file_system, "0.2.7", "e6f7f155970975789f26e77b8b8d8ab084c59844d8ecfaf58cbda31c494d14aa", [:mix], [], "hexpm", "b4cfa2d69c7f0b18fd06db222b2398abeef743a72504e6bd7df9c52f171b047f"},
  "floki": {:hex, :floki, "0.29.0", "b1710d8c93a2f860dc2d7adc390dd808dc2fb8f78ee562304457b75f4c640881", [:mix], [{:html_entities, "~> 0.5.0", [hex: :html_entities, repo: "hexpm", optional: false]}], "hexpm", "008585ce64b9f74c07d32958ec9866f4b8a124bf4da1e2941b28e41384edaaad"},
  "flow": {:hex, :flow, "1.0.0", "3df0b6687ba01dae248c615d50e1f8b36631e3eb9b9a663adf38262035d9fc08", [:mix], [{:gen_stage, "~> 1.0", [hex: :gen_stage, repo: "hexpm", optional: false]}], "hexpm", "103e0d30539db120a432d6433123a6ed885b10bde244e9f4194e3beee080ac29"},
  "gen_stage": {:hex, :gen_stage, "1.0.0", "51c8ae56ff54f9a2a604ca583798c210ad245f415115453b773b621c49776df5", [:mix], [], "hexpm", "1d9fc978db5305ac54e6f5fec7adf80cd893b1000cf78271564c516aa2af7706"},
  "gen_state_machine": {:hex, :gen_state_machine, "2.1.0", "a38b0e53fad812d29ec149f0d354da5d1bc0d7222c3711f3a0bd5aa608b42992", [:mix], [], "hexpm", "ae367038808db25cee2f2c4b8d0531522ea587c4995eb6f96ee73410a60fa06b"},
  "geomancer": {:hex, :geomancer, "0.1.0", "f087854d4228f7957ca825419b62ad36cc986ca1da5dbf43eb5ee9fc07529d9c", [:mix], [{:exshape, "~> 2.2", [hex: :exshape, repo: "hexpm", optional: false]}, {:jason, "~> 1.1", [hex: :jason, repo: "hexpm", optional: false]}], "hexpm", "aa7c20a01c3db2bb1f913b8e17cb7111bce6e7cec654ef153f8156798066b8f6"},
  "gettext": {:hex, :gettext, "0.19.1", "564953fd21f29358e68b91634799d9d26989f8d039d7512622efb3c3b1c97892", [:mix], [], "hexpm", "10c656c0912b8299adba9b061c06947511e3f109ab0d18b44a866a4498e77222"},
  "git_cli": {:hex, :git_cli, "0.3.0", "a5422f9b95c99483385b976f5d43f7e8233283a47cda13533d7c16131cb14df5", [:mix], [], "hexpm", "78cb952f4c86a41f4d3511f1d3ecb28edb268e3a7df278de2faa1bd4672eaf9b"},
  "glock": {:hex, :glock, "0.1.0", "db0e4d1b4ef1e2af1d583d6693f7880837b500c2f17663df9a10b7f161b01111", [:mix], [{:gun, "~> 1.3", [hex: :gun, repo: "hexpm", optional: false]}], "hexpm", "db07ef9fa31c7c868b08bd2668d7a7ca7b273e89ff8830358423d82fc064ebde"},
  "guardian": {:hex, :guardian, "2.1.1", "1f02b349f6ba765647cc834036a8d76fa4bd65605342fe3a031df3c99d0d411a", [:mix], [{:jose, "~> 1.8", [hex: :jose, repo: "hexpm", optional: false]}, {:plug, "~> 1.3.3 or ~> 1.4", [hex: :plug, repo: "hexpm", optional: true]}], "hexpm", "189b87ba7ce6b40d6ba029138098b96ffc4ae78f229f5b39539b9141af8bf0f8"},
  "guardian_db": {:hex, :guardian_db, "2.0.3", "18c847efbf7ec3c0dd44c7aecaeeb2777588bbb8d2073ffc36e71037108b3be6", [:mix], [{:ecto, "~> 3.0", [hex: :ecto, repo: "hexpm", optional: false]}, {:ecto_sql, "~> 3.1", [hex: :ecto_sql, repo: "hexpm", optional: false]}, {:guardian, "~> 1.0 or ~> 2.0", [hex: :guardian, repo: "hexpm", optional: false]}, {:postgrex, "~> 0.13", [hex: :postgrex, repo: "hexpm", optional: true]}], "hexpm", "17306e09498bca379fb8eded2ac44d7690f738ca14b17080d06a948d034ea087"},
  "gun": {:hex, :gun, "1.3.2", "542064cbb9f613650b8a8100b3a927505f364fbe198b7a5a112868ff43f3e477", [:rebar3], [{:cowlib, "~> 2.9.1", [hex: :cowlib, repo: "hexpm", optional: false]}], "hexpm", "ba323f0a5fd8abac379a3e1fe6d8ce570c4a12c7fd1c68f4994b53447918e462"},
  "hackney": {:hex, :hackney, "1.18.1", "f48bf88f521f2a229fc7bae88cf4f85adc9cd9bcf23b5dc8eb6a1788c662c4f6", [:rebar3], [{:certifi, "~>2.9.0", [hex: :certifi, repo: "hexpm", optional: false]}, {:idna, "~>6.1.0", [hex: :idna, repo: "hexpm", optional: false]}, {:metrics, "~>1.0.0", [hex: :metrics, repo: "hexpm", optional: false]}, {:mimerl, "~>1.1", [hex: :mimerl, repo: "hexpm", optional: false]}, {:parse_trans, "3.3.1", [hex: :parse_trans, repo: "hexpm", optional: false]}, {:ssl_verify_fun, "~>1.1.0", [hex: :ssl_verify_fun, repo: "hexpm", optional: false]}, {:unicode_util_compat, "~>0.7.0", [hex: :unicode_util_compat, repo: "hexpm", optional: false]}], "hexpm", "a4ecdaff44297e9b5894ae499e9a070ea1888c84afdd1fd9b7b2bc384950128e"},
  "horde": {:hex, :horde, "0.7.1", "161e140e4e4fab5416b90a4e5b68fbe7fb78f62b265f87f01d661a58aa72be0c", [:mix], [{:delta_crdt, "~> 0.5.10", [hex: :delta_crdt, repo: "hexpm", optional: false]}, {:libring, "~> 1.4", [hex: :libring, repo: "hexpm", optional: false]}, {:telemetry, "~> 0.4.0", [hex: :telemetry, repo: "hexpm", optional: false]}, {:telemetry_poller, "~> 0.4.0", [hex: :telemetry_poller, repo: "hexpm", optional: false]}], "hexpm", "cbf5416cd4d221be07420d40a575cdaa1300a03d7ef593f805705e6b54f6187c"},
  "html_entities": {:hex, :html_entities, "0.5.1", "1c9715058b42c35a2ab65edc5b36d0ea66dd083767bef6e3edb57870ef556549", [:mix], [], "hexpm", "30efab070904eb897ff05cd52fa61c1025d7f8ef3a9ca250bc4e6513d16c32de"},
  "httpoison": {:hex, :httpoison, "1.6.1", "2ce5bf6e535cd0ab02e905ba8c276580bab80052c5c549f53ddea52d72e81f33", [:mix], [{:hackney, "~> 1.15 and >= 1.15.2", [hex: :hackney, repo: "hexpm", optional: false]}], "hexpm", "89149056039084024a284cd703b2d1900d584958dba432132cb21ef35aed7487"},
  "ibrowse": {:hex, :ibrowse, "4.4.1", "2b7d0637b0f8b9b4182de4bd0f2e826a4da2c9b04898b6e15659ba921a8d6ec2", [:rebar3], [], "hexpm", "1e86c591dbc6d270632625534986beca30813af7ce784e742e5fc38e342c29b3"},
  "idna": {:hex, :idna, "6.1.1", "8a63070e9f7d0c62eb9d9fcb360a7de382448200fbbd1b106cc96d3d8099df8d", [:rebar3], [{:unicode_util_compat, "~>0.7.0", [hex: :unicode_util_compat, repo: "hexpm", optional: false]}], "hexpm", "92376eb7894412ed19ac475e4a86f7b413c1b9fbb5bd16dccd57934157944cea"},
  "jason": {:hex, :jason, "1.3.0", "fa6b82a934feb176263ad2df0dbd91bf633d4a46ebfdffea0c8ae82953714946", [:mix], [{:decimal, "~> 1.0 or ~> 2.0", [hex: :decimal, repo: "hexpm", optional: true]}], "hexpm", "53fc1f51255390e0ec7e50f9cb41e751c260d065dcba2bf0d08dc51a4002c2ac"},
  "jaxon": {:hex, :jaxon, "1.0.10", "bedd7e3a8ed6325fdfef15aff0063faeab633d4b5ddbe8011051b35092a22f15", [:make, :mix], [{:elixir_make, "~> 0.4", [hex: :elixir_make, repo: "hexpm", optional: false]}], "hexpm", "a65e99fa43320700ac8000e82c5061ff5a898ab2dd97c689376e35575554b7f6"},
  "jose": {:hex, :jose, "1.10.1", "16d8e460dae7203c6d1efa3f277e25b5af8b659febfc2f2eb4bacf87f128b80a", [:mix, :rebar3], [], "hexpm", "3c7ddc8a9394b92891db7c2771da94bf819834a1a4c92e30857b7d582e2f8257"},
  "json_serde": {:hex, :json_serde, "1.0.2", "9d51400fa35d3d16144a55ec2ef238ee4caba1fb763f9ba7af8b428df534881b", [:mix], [{:brex_result, "~> 0.4.0", [hex: :brex_result, repo: "hexpm", optional: false]}, {:jason, "~> 1.2", [hex: :jason, repo: "hexpm", optional: false]}], "hexpm", "1514ca0a41c04cc34758fe481664d4988a503e7887c1c0f8698e7cd51536fe7e"},
  "jumper": {:hex, :jumper, "1.0.1", "3c00542ef1a83532b72269fab9f0f0c82bf23a35e27d278bfd9ed0865cecabff", [:mix], [], "hexpm", "318c59078ac220e966d27af3646026db9b5a5e6703cb2aa3e26bcfaba65b7433"},
  "kaffe": {:hex, :kaffe, "1.15.0", "e08bb8a545e6379d7430f240486b9c7087e3602489588851a2a29db89692be8f", [:mix], [{:brod, "~> 3.0", [hex: :brod, repo: "hexpm", optional: false]}], "hexpm", "d57e83fdd263fa7b151454d47bd09ea48ee42831fb1d7d0cba80f2e47146501e"},
  "kafka_protocol": {:hex, :kafka_protocol, "2.3.6", "df076a8ef49fffae3535c805cb00f3a057ce1895e63398bf8a10569eeeac02f8", [:rebar, :rebar3], [{:crc32cer, "0.1.4", [hex: :crc32cer, repo: "hexpm", optional: false]}, {:snappyer, "1.2.5", [hex: :snappyer, repo: "hexpm", optional: false]}], "hexpm", "7cb061fe46babc7fd269d2c0e5b4dba5d1efc4f7dacce85b17a9cca973106b23"},
  "libcluster": {:hex, :libcluster, "3.2.1", "b2cd5b447cde25d5897749bee6f7aaeb6c96ac379481024e9b6ba495dabeb97d", [:mix], [{:jason, "~> 1.1", [hex: :jason, repo: "hexpm", optional: false]}], "hexpm", "89f225612d135edce9def56f43bf18d575d88ac4680e3f6161283f2e55cadca4"},
  "libring": {:hex, :libring, "1.5.0", "44313eb6862f5c9168594a061e9d5f556a9819da7c6444706a9e2da533396d70", [:mix], [], "hexpm", "04e843d4fdcff49a62d8e03778d17c6cb2a03fe2d14020d3825a1761b55bd6cc"},
  "libvault": {:hex, :libvault, "0.2.3", "3eda5270378d2686b96104763458a1c706c41d44082c5e021323b94167937c53", [:mix], [{:castore, "~> 0.1", [hex: :castore, repo: "hexpm", optional: true]}, {:hackney, "~> 1.6", [hex: :hackney, repo: "hexpm", optional: true]}, {:ibrowse, "~> 4.4.0", [hex: :ibrowse, repo: "hexpm", optional: true]}, {:mint, "~> 1.0", [hex: :mint, repo: "hexpm", optional: true]}, {:tesla, "~> 1.3", [hex: :tesla, repo: "hexpm", optional: true]}], "hexpm", "3cf7b5bdd178b1fe43f937c72446e1d0a5353a8fcf6a8e8063e9ef07aea35c7f"},
  "makeup": {:hex, :makeup, "1.1.0", "6b67c8bc2882a6b6a445859952a602afc1a41c2e08379ca057c0f525366fc3ca", [:mix], [{:nimble_parsec, "~> 1.2.2 or ~> 1.3", [hex: :nimble_parsec, repo: "hexpm", optional: false]}], "hexpm", "0a45ed501f4a8897f580eabf99a2e5234ea3e75a4373c8a52824f6e873be57a6"},
  "makeup_elixir": {:hex, :makeup_elixir, "0.16.0", "f8c570a0d33f8039513fbccaf7108c5d750f47d8defd44088371191b76492b0b", [:mix], [{:makeup, "~> 1.0", [hex: :makeup, repo: "hexpm", optional: false]}, {:nimble_parsec, "~> 1.2.3", [hex: :nimble_parsec, repo: "hexpm", optional: false]}], "hexpm", "28b2cbdc13960a46ae9a8858c4bebdec3c9a6d7b4b9e7f4ed1502f8159f338e7"},
  "makeup_erlang": {:hex, :makeup_erlang, "0.1.1", "3fcb7f09eb9d98dc4d208f49cc955a34218fc41ff6b84df7c75b3e6e533cc65f", [:mix], [{:makeup, "~> 1.0", [hex: :makeup, repo: "hexpm", optional: false]}], "hexpm", "174d0809e98a4ef0b3309256cbf97101c6ec01c4ab0b23e926a9e17df2077cbb"},
  "meck": {:hex, :meck, "0.8.13", "ffedb39f99b0b99703b8601c6f17c7f76313ee12de6b646e671e3188401f7866", [:rebar3], [], "hexpm", "d34f013c156db51ad57cc556891b9720e6a1c1df5fe2e15af999c84d6cebeb1a"},
  "memoize": {:hex, :memoize, "1.3.0", "c82eaf40cd2afd0cc050ee0d7e6b298aa2a0d5faa8680b48147deecb4b94300d", [:mix], [], "hexpm", "e7821b08820b39f090c8a2a321c639068fd11690d0477a5a32d477696329058e"},
  "merkle_map": {:hex, :merkle_map, "0.2.0", "5391ac61e016ce4aeb66ce39f05206a382fd4b66ee4b63c08a261d5633eadd76", [:mix], [], "hexpm", "fb1cc3a80e0b0d439a83bdb42bde4d03e8970a436bc949b9fa8d951c18fdafde"},
  "metrics": {:hex, :metrics, "1.0.1", "25f094dea2cda98213cecc3aeff09e940299d950904393b2a29d191c346a8486", [:rebar3], [], "hexpm", "69b09adddc4f74a40716ae54d140f93beb0fb8978d8636eaded0c31b6f099f16"},
  "mime": {:hex, :mime, "1.6.0", "dabde576a497cef4bbdd60aceee8160e02a6c89250d6c0b29e56c0dfb00db3d2", [:mix], [], "hexpm", "31a1a8613f8321143dde1dafc36006a17d28d02bdfecb9e95a880fa7aabd19a7"},
  "mimerl": {:hex, :mimerl, "1.2.0", "67e2d3f571088d5cfd3e550c383094b47159f3eee8ffa08e64106cdf5e981be3", [:rebar3], [], "hexpm", "f278585650aa581986264638ebf698f8bb19df297f66ad91b18910dfc6e19323"},
  "mint": {:hex, :mint, "1.2.0", "65e9d75c60c456a5fb1b800febb88f061f56157d103d755b99fcaeaeb3e956f3", [:mix], [{:castore, "~> 0.1.0", [hex: :castore, repo: "hexpm", optional: true]}], "hexpm", "19cbb3a5be91b7df4a35377ba94b26199481a541add055cf5d1d4299b55125ab"},
  "mix_test_watch": {:hex, :mix_test_watch, "1.0.2", "34900184cbbbc6b6ed616ed3a8ea9b791f9fd2088419352a6d3200525637f785", [:mix], [{:file_system, "~> 0.2.1 or ~> 0.3", [hex: :file_system, repo: "hexpm", optional: false]}], "hexpm", "47ac558d8b06f684773972c6d04fcc15590abdb97aeb7666da19fcbfdc441a07"},
  "mock": {:hex, :mock, "0.3.3", "42a433794b1291a9cf1525c6d26b38e039e0d3a360732b5e467bfc77ef26c914", [:mix], [{:meck, "~> 0.8.13", [hex: :meck, repo: "hexpm", optional: false]}], "hexpm", "a280d1f7b6f4bbcbd9282616e57502721781c66ee5b540720efabeaf627cc7eb"},
  "mox": {:hex, :mox, "1.0.0", "4b3c7005173f47ff30641ba044eb0fe67287743eec9bd9545e37f3002b0a9f8b", [:mix], [], "hexpm", "201b0a20b7abdaaab083e9cf97884950f8a30a1350a1da403b3145e213c6f4df"},
  "nanoid": {:hex, :nanoid, "2.0.2", "f3f7b4bf103ab6667f22beb00b6315825ee3f30100dd2c93d534e5c02164e857", [:mix], [], "hexpm", "3095cb1fac7bbc78843a8ccd99f1af375d0da1d3ebaa8552e846b73438c0c44f"},
  "nimble_csv": {:hex, :nimble_csv, "0.6.0", "a3673f26d41f986774fe6060e309615343d3cb83a6d435754d8b1fdbd5764879", [:mix], [], "hexpm", "b78e15f1c82fd963745ecc4073c47e1f0cdaf3622143342b8c30e9b5eaa546c6"},
  "nimble_parsec": {:hex, :nimble_parsec, "1.2.3", "244836e6e3f1200c7f30cb56733fd808744eca61fd182f731eac4af635cc6d0b", [:mix], [], "hexpm", "c8d789e39b9131acf7b99291e93dae60ab48ef14a7ee9d58c6964f59efb570b0"},
  "norm": {:hex, :norm, "0.10.4", "3243baed73db6c9b54175a8f473bdac20f311a2b39415e3de0a6d205df767492", [:mix], [], "hexpm", "51884375a00a6f0c7206612543e268435662808c817f787bb3b544617f6a9174"},
  "oauth2": {:hex, :oauth2, "2.0.0", "338382079fe16c514420fa218b0903f8ad2d4bfc0ad0c9f988867dfa246731b0", [:mix], [{:hackney, "~> 1.13", [hex: :hackney, repo: "hexpm", optional: false]}], "hexpm", "881b8364ac7385f9fddc7949379cbe3f7081da37233a1aa7aab844670a91e7e7"},
  "observer_cli": {:hex, :observer_cli, "1.5.2", "6e93437f74a99708068a32b767b02432d113896275421409e3018d989236a65a", [:mix, :rebar3], [{:recon, "~>2.5.0", [hex: :recon, repo: "hexpm", optional: false]}], "hexpm", "79510b7ff3ba597c758ce6f397e23b3fc2fc729dd6332881c468b767b71c77c1"},
  "off_broadway_kafka": {:hex, :off_broadway_kafka, "1.0.1", "80f1a594d6929c35b7ecc910816ad01498c6cd56080c33a6f31801b07dad15a3", [:mix], [{:broadway, "~> 0.6", [hex: :broadway, repo: "hexpm", optional: false]}, {:elsa, "~> 0.12", [hex: :elsa, repo: "hexpm", optional: false]}, {:retry, "~> 0.13", [hex: :retry, repo: "hexpm", optional: false]}], "hexpm", "4cf64a2746a989e95e9a3566174b061e44528c1baebf659be77a63de5c7c1b24"},
  "paddle": {:hex, :paddle, "0.1.4", "3697996d79e3d771d6f7560a23e4bad1ed7b7f7fd3e784f97bc39565963b2b13", [:mix], [], "hexpm"},
  "parallel_stream": {:hex, :parallel_stream, "1.0.6", "b967be2b23f0f6787fab7ed681b4c45a215a81481fb62b01a5b750fa8f30f76c", [:mix], [], "hexpm", "639b2e8749e11b87b9eb42f2ad325d161c170b39b288ac8d04c4f31f8f0823eb"},
  "parse_trans": {:hex, :parse_trans, "3.3.1", "16328ab840cc09919bd10dab29e431da3af9e9e7e7e6f0089dd5a2d2820011d8", [:rebar3], [], "hexpm", "07cd9577885f56362d414e8c4c4e6bdf10d43a8767abb92d24cbe8b24c54888b"},
  "patiently": {:hex, :patiently, "0.2.0", "67eb139591e10c4b363ae0198e832552f191c58894731efd3bf124ec4722267a", [:mix], [], "hexpm", "c08cc5edc27def565647a9b55a0bea8025a5f81a4472e57692f28f2292c44c94"},
  "phoenix": {:hex, :phoenix, "1.5.6", "8298cdb4e0f943242ba8410780a6a69cbbe972fef199b341a36898dd751bdd66", [:mix], [{:jason, "~> 1.0", [hex: :jason, repo: "hexpm", optional: true]}, {:phoenix_html, "~> 2.13", [hex: :phoenix_html, repo: "hexpm", optional: true]}, {:phoenix_pubsub, "~> 2.0", [hex: :phoenix_pubsub, repo: "hexpm", optional: false]}, {:plug, "~> 1.10", [hex: :plug, repo: "hexpm", optional: false]}, {:plug_cowboy, "~> 1.0 or ~> 2.2", [hex: :plug_cowboy, repo: "hexpm", optional: true]}, {:plug_crypto, "~> 1.1.2 or ~> 1.2", [hex: :plug_crypto, repo: "hexpm", optional: false]}, {:telemetry, "~> 0.4", [hex: :telemetry, repo: "hexpm", optional: false]}], "hexpm", "0dc4d39af1306b6aa5122729b0a95ca779e42c708c6fe7abbb3d336d5379e956"},
  "phoenix_ecto": {:hex, :phoenix_ecto, "4.1.0", "a044d0756d0464c5a541b4a0bf4bcaf89bffcaf92468862408290682c73ae50d", [:mix], [{:ecto, "~> 3.0", [hex: :ecto, repo: "hexpm", optional: false]}, {:phoenix_html, "~> 2.9", [hex: :phoenix_html, repo: "hexpm", optional: true]}, {:plug, "~> 1.0", [hex: :plug, repo: "hexpm", optional: false]}], "hexpm", "c5e666a341ff104d0399d8f0e4ff094559b2fde13a5985d4cb5023b2c2ac558b"},
  "phoenix_html": {:hex, :phoenix_html, "2.14.2", "b8a3899a72050f3f48a36430da507dd99caf0ac2d06c77529b1646964f3d563e", [:mix], [{:plug, "~> 1.5", [hex: :plug, repo: "hexpm", optional: false]}], "hexpm", "58061c8dfd25da5df1ea0ca47c972f161beb6c875cd293917045b92ffe1bf617"},
  "phoenix_live_reload": {:hex, :phoenix_live_reload, "1.2.1", "274a4b07c4adbdd7785d45a8b0bb57634d0b4f45b18d2c508b26c0344bd59b8f", [:mix], [{:file_system, "~> 0.2.1 or ~> 0.3", [hex: :file_system, repo: "hexpm", optional: false]}, {:phoenix, "~> 1.4", [hex: :phoenix, repo: "hexpm", optional: false]}], "hexpm", "41b4103a2fa282cfd747d377233baf213c648fdcc7928f432937676532490eee"},
  "phoenix_live_view": {:hex, :phoenix_live_view, "0.14.8", "1419f2612d5623207bfd9760c110f46cc5be05173dd6b5dc019500f93b692027", [:mix], [{:jason, "~> 1.0", [hex: :jason, repo: "hexpm", optional: true]}, {:phoenix, "~> 1.5.3", [hex: :phoenix, repo: "hexpm", optional: false]}, {:phoenix_html, "~> 2.14", [hex: :phoenix_html, repo: "hexpm", optional: false]}, {:telemetry, "~> 0.4.2 or ~> 0.5", [hex: :telemetry, repo: "hexpm", optional: false]}], "hexpm", "889660bdc113a6fe84fd1b840443e86d9c6bd0b851e8f3a8581c916bbc7a2099"},
  "phoenix_pubsub": {:hex, :phoenix_pubsub, "2.0.0", "a1ae76717bb168cdeb10ec9d92d1480fec99e3080f011402c0a2d68d47395ffb", [:mix], [], "hexpm", "c52d948c4f261577b9c6fa804be91884b381a7f8f18450c5045975435350f771"},
  "placebo": {:hex, :placebo, "2.0.0-rc.2", "e148f8b313e75978cdf7ebc762124ec64322d7a092b5d9fdf907d3d6a7b6e0b8", [:mix], [{:meck, "~> 0.8.13", [hex: :meck, repo: "hexpm", optional: false]}], "hexpm", "46ebd45c7786e92807cd8652e522a236088e71cb43c90a8587edb2a70b8acd5a"},
  "plug": {:hex, :plug, "1.11.0", "f17217525597628298998bc3baed9f8ea1fa3f1160aa9871aee6df47a6e4d38e", [:mix], [{:mime, "~> 1.0", [hex: :mime, repo: "hexpm", optional: false]}, {:plug_crypto, "~> 1.1.1 or ~> 1.2", [hex: :plug_crypto, repo: "hexpm", optional: false]}, {:telemetry, "~> 0.4", [hex: :telemetry, repo: "hexpm", optional: false]}], "hexpm", "2d9c633f0499f9dc5c2fd069161af4e2e7756890b81adcbb2ceaa074e8308876"},
  "plug_cowboy": {:hex, :plug_cowboy, "2.4.1", "779ba386c0915027f22e14a48919a9545714f849505fa15af2631a0d298abf0f", [:mix], [{:cowboy, "~> 2.7", [hex: :cowboy, repo: "hexpm", optional: false]}, {:cowboy_telemetry, "~> 0.3", [hex: :cowboy_telemetry, repo: "hexpm", optional: false]}, {:plug, "~> 1.7", [hex: :plug, repo: "hexpm", optional: false]}, {:telemetry, "~> 0.4", [hex: :telemetry, repo: "hexpm", optional: false]}], "hexpm", "d72113b6dff7b37a7d9b2a5b68892808e3a9a752f2bf7e503240945385b70507"},
  "plug_crypto": {:hex, :plug_crypto, "1.2.0", "1cb20793aa63a6c619dd18bb33d7a3aa94818e5fd39ad357051a67f26dfa2df6", [:mix], [], "hexpm", "a48b538ae8bf381ffac344520755f3007cc10bd8e90b240af98ea29b69683fc2"},
  "plug_heartbeat": {:hex, :plug_heartbeat, "0.2.0", "912485e20cf483da21d6dfd4f6ed0dcc8d497f497b123231a73a326239b3f2f1", [:mix], [{:cowboy, ">= 1.0.0", [hex: :cowboy, repo: "hexpm", optional: false]}, {:plug, ">= 0.12.0", [hex: :plug, repo: "hexpm", optional: false]}], "hexpm", "23cb357dad510695b6bb339fdbf5d3fc8581546124f7389d63c9cf723e4ad40f"},
  "poison": {:hex, :poison, "3.1.0", "d9eb636610e096f86f25d9a46f35a9facac35609a7591b3be3326e99a0484665", [:mix], [], "hexpm", "fec8660eb7733ee4117b85f55799fd3833eb769a6df71ccf8903e8dc5447cfce"},
  "postgrex": {:hex, :postgrex, "0.15.3", "5806baa8a19a68c4d07c7a624ccdb9b57e89cbc573f1b98099e3741214746ae4", [:mix], [{:connection, "~> 1.0", [hex: :connection, repo: "hexpm", optional: false]}, {:db_connection, "~> 2.1", [hex: :db_connection, repo: "hexpm", optional: false]}, {:decimal, "~> 1.5", [hex: :decimal, repo: "hexpm", optional: false]}, {:jason, "~> 1.0", [hex: :jason, repo: "hexpm", optional: true]}], "hexpm", "4737ce62a31747b4c63c12b20c62307e51bb4fcd730ca0c32c280991e0606c90"},
  "prestige": {:hex, :prestige, "1.0.2", "0378478be8ce5250e2701dffd6cae669ecc86cd1f34d2c12577a4d7883e1b23d", [:mix], [{:hackney, "~> 1.15", [hex: :hackney, repo: "hexpm", optional: false]}, {:jason, "~> 1.1", [hex: :jason, repo: "hexpm", optional: false]}, {:tesla, "~> 1.2", [hex: :tesla, repo: "hexpm", optional: false]}], "hexpm", "6c75e5ea664da85805e54a3dce00c3f560d807920b462bd439e6256652d5f58d"},
  "prometheus": {:hex, :prometheus, "4.4.1", "1e96073b3ed7788053768fea779cbc896ddc3bdd9ba60687f2ad50b252ac87d6", [:mix, :rebar3], [], "hexpm", "d39f2ce1f3f29f3bf04f915aa3cf9c7cd4d2cee2f975e05f526e06cae9b7c902"},
  "prometheus_ex": {:hex, :prometheus_ex, "3.0.5", "fa58cfd983487fc5ead331e9a3e0aa622c67232b3ec71710ced122c4c453a02f", [:mix], [{:prometheus, "~> 4.0", [hex: :prometheus, repo: "hexpm", optional: false]}], "hexpm", "9fd13404a48437e044b288b41f76e64acd9735fb8b0e3809f494811dfa66d0fb"},
  "prometheus_phoenix": {:hex, :prometheus_phoenix, "1.3.0", "c4b527e0b3a9ef1af26bdcfbfad3998f37795b9185d475ca610fe4388fdd3bb5", [:mix], [{:phoenix, "~> 1.4", [hex: :phoenix, repo: "hexpm", optional: false]}, {:prometheus_ex, "~> 1.3 or ~> 2.0 or ~> 3.0", [hex: :prometheus_ex, repo: "hexpm", optional: false]}], "hexpm", "c4d1404ac4e9d3d963da601db2a7d8ea31194f0017057fabf0cfb9bf5a6c8c75"},
  "prometheus_plugs": {:hex, :prometheus_plugs, "1.1.5", "25933d48f8af3a5941dd7b621c889749894d8a1082a6ff7c67cc99dec26377c5", [:mix], [{:accept, "~> 0.1", [hex: :accept, repo: "hexpm", optional: false]}, {:plug, "~> 1.0", [hex: :plug, repo: "hexpm", optional: false]}, {:prometheus_ex, "~> 1.1 or ~> 2.0 or ~> 3.0", [hex: :prometheus_ex, repo: "hexpm", optional: false]}, {:prometheus_process_collector, "~> 1.1", [hex: :prometheus_process_collector, repo: "hexpm", optional: true]}], "hexpm", "0273a6483ccb936d79ca19b0ab629aef0dba958697c94782bb728b920dfc6a79"},
  "protobuf": {:hex, :protobuf, "0.6.3", "742e9034c20532534ca96d7a7ee1251e0f2327dcf8ea6de0dd3eb3e054b236a7", [:mix], [], "hexpm", "7301553b627ad3c0e23890aab105da1cd64f437d6345839db2ad2ce0f2b06b93"},
  "quantum": {:hex, :quantum, "2.4.0", "f2ad4b20988f848455d35ed0e884ba0c7629a27ee86cbec6a6e0fc214b6e69cf", [:mix], [{:calendar, "~> 0.17", [hex: :calendar, repo: "hexpm", optional: true]}, {:crontab, "~> 1.1", [hex: :crontab, repo: "hexpm", optional: false]}, {:gen_stage, "~> 0.12 or ~> 1.0", [hex: :gen_stage, repo: "hexpm", optional: false]}, {:swarm, "~> 3.3", [hex: :swarm, repo: "hexpm", optional: false]}, {:timex, "~> 3.1", [hex: :timex, repo: "hexpm", optional: true]}, {:tzdata, "~> 1.0", [hex: :tzdata, repo: "hexpm", optional: true]}], "hexpm", "a125a9e65a5af740a1198f3b05c1a736fce3942f5e0dc2901e0f9be5745bea99"},
  "ranch": {:hex, :ranch, "1.7.1", "6b1fab51b49196860b733a49c07604465a47bdb78aa10c1c16a3d199f7f8c881", [:rebar3], [], "hexpm", "451d8527787df716d99dc36162fca05934915db0b6141bbdac2ea8d3c7afc7d7"},
  "recon": {:hex, :recon, "2.5.0", "2f7fcbec2c35034bade2f9717f77059dc54eb4e929a3049ca7ba6775c0bd66cd", [:mix, :rebar3], [], "hexpm", "72f3840fedd94f06315c523f6cecf5b4827233bed7ae3fe135b2a0ebeab5e196"},
  "redix": {:hex, :redix, "0.10.2", "a9eabf47898aa878650df36194aeb63966d74f5bd69d9caa37babb32dbb93c5d", [:mix], [{:telemetry, "~> 0.4.0", [hex: :telemetry, repo: "hexpm", optional: false]}], "hexpm", "251b329893b8f6bb115fc0e30df7f12ee641b1e4547d760cf0909416a209f9bd"},
  "retry": {:hex, :retry, "0.14.0", "751c0f6db0b5127acf346ea6f6c363ec4588320db785c62aa51776b4d280bf07", [:mix], [], "hexpm", "5c158bccf5e4de2a13d044b9930ceb7e7499c29e3fccd7c96f131a6b83a1cff3"},
  "saxy": {:hex, :saxy, "0.10.0", "38879f46a595862c22114792c71379355ecfcfa0f713b1cfcc59e1d4127f1f55", [:mix], [], "hexpm", "da130ed576e9f53d1a986ec5bd2fa72c1599501ede7d7a2dceb81acf53bf9790"},
  "sftp_ex": {:hex, :sftp_ex, "0.2.6", "89cbb3985791c902ab002f7a619490108f1b4dbec7cdc2424450602f0493de32", [:mix], [], "hexpm", "8e532500604a91fe0115789916ec9ab50b019b56d579b3d6f0bd6baf9f16e379"},
  "simply_validate": {:hex, :simply_validate, "0.2.0", "d4b5b4a677ba70272bd55670ac216700a9704788b3074ac490cb02ee94f5b0c2", [:mix], [], "hexpm", "6c8bd42914d26710845ed567f5168b259590ea1067910c6565d03200edffe683"},
  "sleeplocks": {:hex, :sleeplocks, "1.1.1", "3d462a0639a6ef36cc75d6038b7393ae537ab394641beb59830a1b8271faeed3", [:rebar3], [], "hexpm", "84ee37aeff4d0d92b290fff986d6a95ac5eedf9b383fadfd1d88e9b84a1c02e1"},
  "smart_city": {:hex, :smart_city, "5.2.1", "d696bc65582af95653fe8987743653420d7ceb9378ffd89d368f9415a1f6c967", [:mix], [{:accessible, "~> 0.2.1", [hex: :accessible, repo: "hexpm", optional: false]}, {:brook_serializer, "~> 2.0", [hex: :brook_serializer, repo: "hexpm", optional: false]}, {:jason, "~> 1.1", [hex: :jason, repo: "hexpm", optional: false]}, {:mime, "~> 1.3", [hex: :mime, repo: "hexpm", optional: false]}, {:timex, "~> 3.6", [hex: :timex, repo: "hexpm", optional: false]}], "hexpm", "ff562775af941f7563167e66a4ce1934f0966a135c7ec8a28d97be37d337eebe"},
  "smart_city_test": {:hex, :smart_city_test, "2.2.1", "391983b5363ca4143c0666d1b8343ccb1c7c43a87439c0864980247f31f2f7de", [:mix], [{:brod, "~> 3.8", [hex: :brod, repo: "hexpm", optional: false]}, {:ex_doc, "~> 0.19", [hex: :ex_doc, repo: "hexpm", optional: false]}, {:faker, "~> 0.12", [hex: :faker, repo: "hexpm", optional: false]}, {:patiently, "~> 0.2", [hex: :patiently, repo: "hexpm", optional: false]}, {:smart_city, "~> 5.2.1", [hex: :smart_city, repo: "hexpm", optional: false]}], "hexpm", "86109b9bf85568ff6222027dc51fdddece2aa0d9ba03dec8fa217f90cea66d0e"},
  "snappyer": {:hex, :snappyer, "1.2.5", "9154b9ac84031f0a799f72a4aa87df23ab2193b5631475fa2cdc304382d2df77", [:rebar3], [], "hexpm", "d2adc26a81efd5f138397a38a0bb545188d302972721f8be0de37fa452c8aed7"},
  "sobelow": {:hex, :sobelow, "0.10.1", "7ddd72eacd3cff0d8ebaaa7825a11718652d264a8c1b97fe802d09634c955db5", [:mix], [], "hexpm", "6d4d3407a7e3cd4d04673b195ac19342400c7300a4f5f212273418271c47b660"},
  "ssl_verify_fun": {:hex, :ssl_verify_fun, "1.1.6", "cf344f5692c82d2cd7554f5ec8fd961548d4fd09e7d22f5b62482e5aeaebd4b0", [:make, :mix, :rebar3], [], "hexpm", "bdb0d2471f453c88ff3908e7686f86f9be327d065cc1ec16fa4540197ea04680"},
  "statistex": {:hex, :statistex, "1.0.0", "f3dc93f3c0c6c92e5f291704cf62b99b553253d7969e9a5fa713e5481cd858a5", [:mix], [], "hexpm", "ff9d8bee7035028ab4742ff52fc80a2aa35cece833cf5319009b52f1b5a86c27"},
  "statistics": {:hex, :statistics, "0.6.1", "dd8a400984bc3f223ff1b0f3dcdf193d3ec3a755bc810a7b08eadd8021516399", [:mix], [], "hexpm", "08d62ad251022ab57f6724c13f9f284d58b27149e66cf36a1a51c00ed3707e01"},
  "stream_data": {:hex, :stream_data, "0.4.3", "62aafd870caff0849a5057a7ec270fad0eb86889f4d433b937d996de99e3db25", [:mix], [], "hexpm", "7dafd5a801f0bc897f74fcd414651632b77ca367a7ae4568778191fc3bf3a19a"},
  "streaming_metrics": {:hex, :streaming_metrics, "2.2.0", "dd4728e5214d70576e10822ea2d804781f89d7f576a642a2216e11e3d5e5bc65", [:mix], [{:ex_aws, "~> 2.1", [hex: :ex_aws, repo: "hexpm", optional: false]}, {:ex_aws_cloudwatch, "~> 2.0", [hex: :ex_aws_cloudwatch, repo: "hexpm", optional: false]}, {:httpoison, "~> 1.5", [hex: :httpoison, repo: "hexpm", optional: false]}, {:prometheus_ex, "~> 3.0", [hex: :prometheus_ex, repo: "hexpm", optional: false]}], "hexpm", "c90f61e1e5ce5fec63785f6461124cb717c39117b09133622a8f1c36c3bdab29"},
  "supervisor3": {:hex, :supervisor3, "1.1.11", "d81cdec31d102fde407423e1d05b569572850deebed86b951d5233c387cba80b", [:rebar3], [], "hexpm", "e6c2dedbcabcba24995a218aca12db5e208b80d3252692b22ef0f1a266104b50"},
  "swarm": {:hex, :swarm, "3.4.0", "64f8b30055d74640d2186c66354b33b999438692a91be275bb89cdc7e401f448", [:mix], [{:gen_state_machine, "~> 2.0", [hex: :gen_state_machine, repo: "hexpm", optional: false]}, {:libring, "~> 1.0", [hex: :libring, repo: "hexpm", optional: false]}], "hexpm", "94884f84783fc1ba027aba8fe8a7dae4aad78c98e9f9c76667ec3471585c08c6"},
  "sweet_xml": {:hex, :sweet_xml, "0.6.6", "fc3e91ec5dd7c787b6195757fbcf0abc670cee1e4172687b45183032221b66b8", [:mix], [], "hexpm", "2e1ec458f892ffa81f9f8386e3f35a1af6db7a7a37748a64478f13163a1f3573"},
  "telemetry": {:hex, :telemetry, "0.4.2", "2808c992455e08d6177322f14d3bdb6b625fbcfd233a73505870d8738a2f4599", [:rebar3], [], "hexpm", "2d1419bd9dda6a206d7b5852179511722e2b18812310d304620c7bd92a13fcef"},
  "telemetry_metrics": {:hex, :telemetry_metrics, "0.5.0", "1b796e74add83abf844e808564275dfb342bcc930b04c7577ab780e262b0d998", [:mix], [{:telemetry, "~> 0.4", [hex: :telemetry, repo: "hexpm", optional: false]}], "hexpm", "31225e6ce7a37a421a0a96ec55244386aec1c190b22578bd245188a4a33298fd"},
  "telemetry_metrics_prometheus": {:hex, :telemetry_metrics_prometheus, "0.6.0", "04148a77a1ab1d46d899627f6ecca8005477ae620b1a81116dce2eaeb4a3bff8", [:mix], [{:plug_cowboy, "~> 2.1", [hex: :plug_cowboy, repo: "hexpm", optional: false]}, {:telemetry_metrics_prometheus_core, "~> 0.4", [hex: :telemetry_metrics_prometheus_core, repo: "hexpm", optional: false]}], "hexpm", "b26be99ee4f977635f4b7f8a0c9be27672a0d6b22057ab3d48fbd1d5738346d8"},
  "telemetry_metrics_prometheus_core": {:hex, :telemetry_metrics_prometheus_core, "0.4.0", "0860e53746f4554cf453a5217a3d2648a6d3a074ae01a21869a3963c54b1d5bc", [:mix], [{:telemetry, "~> 0.4", [hex: :telemetry, repo: "hexpm", optional: false]}, {:telemetry_metrics, "~> 0.5", [hex: :telemetry_metrics, repo: "hexpm", optional: false]}], "hexpm", "912e4c4421477bfb930a19a8de5b2eb967c2700880698c6d80706b8bc32532bf"},
  "telemetry_poller": {:hex, :telemetry_poller, "0.4.1", "50d03d976a3b8ab4898d9e873852e688840df47685a13af90af40e1ba43a758b", [:rebar3], [{:telemetry, "~> 0.4", [hex: :telemetry, repo: "hexpm", optional: false]}], "hexpm", "c5bacbbcd62c1fe4e4517485bd64312622e9b83683273dcf2627ff224d7d485b"},
  "temp": {:hex, :temp, "0.4.7", "2c78482cc2294020a4bc0c95950b907ff386523367d4e63308a252feffbea9f2", [:mix], [], "hexpm", "6af19e7d6a85a427478be1021574d1ae2a1e1b90882586f06bde76c63cd03e0d"},
  "temporary_env": {:hex, :temporary_env, "2.0.1", "d4b5e031837e5619485e1f23af7cba7e897b8fd546eaaa8b10c812d642ec4546", [:mix], [], "hexpm", "f9420044742b5f0479a7f8243e86b048b6a2d4878bce026a3615065b11199c27"},
  "tesla": {:hex, :tesla, "1.4.0", "1081bef0124b8bdec1c3d330bbe91956648fb008cf0d3950a369cda466a31a87", [:mix], [{:castore, "~> 0.1", [hex: :castore, repo: "hexpm", optional: true]}, {:exjsx, ">= 3.0.0", [hex: :exjsx, repo: "hexpm", optional: true]}, {:finch, "~> 0.3", [hex: :finch, repo: "hexpm", optional: true]}, {:fuse, "~> 2.4", [hex: :fuse, repo: "hexpm", optional: true]}, {:gun, "~> 1.3", [hex: :gun, repo: "hexpm", optional: true]}, {:hackney, "~> 1.6", [hex: :hackney, repo: "hexpm", optional: true]}, {:ibrowse, "~> 4.4.0", [hex: :ibrowse, repo: "hexpm", optional: true]}, {:jason, ">= 1.0.0", [hex: :jason, repo: "hexpm", optional: true]}, {:mime, "~> 1.0", [hex: :mime, repo: "hexpm", optional: false]}, {:mint, "~> 1.0", [hex: :mint, repo: "hexpm", optional: true]}, {:poison, ">= 1.0.0", [hex: :poison, repo: "hexpm", optional: true]}, {:telemetry, "~> 0.4", [hex: :telemetry, repo: "hexpm", optional: true]}], "hexpm", "bf1374a5569f5fca8e641363b63f7347d680d91388880979a33bc12a6eb3e0aa"},
  "timex": {:hex, :timex, "3.7.8", "0e6e8bf7c0aba95f1e13204889b2446e7a5297b1c8e408f15ab58b2c8dc85f81", [:mix], [{:combine, "~> 0.10", [hex: :combine, repo: "hexpm", optional: false]}, {:gettext, "~> 0.10", [hex: :gettext, repo: "hexpm", optional: false]}, {:tzdata, "~> 1.1", [hex: :tzdata, repo: "hexpm", optional: false]}], "hexpm", "8f3b8edc5faab5205d69e5255a1d64a83b190bab7f16baa78aefcb897cf81435"},
  "tzdata": {:hex, :tzdata, "1.1.1", "20c8043476dfda8504952d00adac41c6eda23912278add38edc140ae0c5bcc46", [:mix], [{:hackney, "~> 1.17", [hex: :hackney, repo: "hexpm", optional: false]}], "hexpm", "a69cec8352eafcd2e198dea28a34113b60fdc6cb57eb5ad65c10292a6ba89787"},
  "ueberauth": {:hex, :ueberauth, "0.6.3", "d42ace28b870e8072cf30e32e385579c57b9cc96ec74fa1f30f30da9c14f3cc0", [:mix], [{:plug, "~> 1.5", [hex: :plug, repo: "hexpm", optional: false]}], "hexpm", "afc293d8a1140d6591b53e3eaf415ca92842cb1d32fad3c450c6f045f7f91b60"},
  "ueberauth_auth0": {:hex, :ueberauth_auth0, "0.8.1", "75a116461963be163fce755904b7ad2b84d8acfd799410f3ef7713e06d048594", [:mix], [{:oauth2, "~> 2.0", [hex: :oauth2, repo: "hexpm", optional: false]}, {:ueberauth, "~> 0.6", [hex: :ueberauth, repo: "hexpm", optional: false]}], "hexpm", "cb98340a5849b102f0eb02ddd68ba5af83bc6efe3a2fd068ce6e299a1c17f7f0"},
  "unicode_util_compat": {:hex, :unicode_util_compat, "0.7.0", "bc84380c9ab48177092f43ac89e4dfa2c6d62b40b8bd132b1059ecc7232f9a78", [:rebar3], [], "hexpm", "25eee6d67df61960cf6a794239566599b09e17e668d3700247bc498638152521"},
  "unsafe": {:hex, :unsafe, "1.0.1", "a27e1874f72ee49312e0a9ec2e0b27924214a05e3ddac90e91727bc76f8613d8", [:mix], [], "hexpm", "6c7729a2d214806450d29766abc2afaa7a2cbecf415be64f36a6691afebb50e5"},
  "unzip": {:hex, :unzip, "0.6.0", "8b32aaaeb35996ec8cf4c2c1ed36729dd22cae14b69505467502cb6622327ddb", [:mix], [], "hexpm", "e0a32d162fc696a51a71c2b08ab788d3b07442ca09d2cf7ef99c7488cb28182a"},
  "x509": {:hex, :x509, "0.8.1", "901a72cb715aeb2f21739425cc0cff97ce975b6267811acb1fcee4ff10e7799c", [:mix], [], "hexpm", "30c6d9376c90c74490c80befea53cc0d07f05d48bb4ce9e472573a06b0aae008"},
  "yeet": {:hex, :yeet, "1.0.6", "c70d799b8dfb31e53869d09d603bbc2ce0699d1d7215529d1867039016a1b306", [:mix], [{:brod, "~> 3.7", [hex: :brod, repo: "hexpm", optional: false]}, {:jason, "~> 1.1", [hex: :jason, repo: "hexpm", optional: false]}], "hexpm"},
}
