%{
  "artificery": {:hex, :artificery, "0.4.1", "90b1fcedb9034853b36dbea2174f9fc1172bd50b0686a723178103def5c9c1c8", [:mix], [], "hexpm"},
  "brod": {:hex, :brod, "3.4.0", "34664713baaa60aed3b560c6a679cf90ace8dde8672732e730218db57440e37a", [:make, :rebar, :rebar3], [{:kafka_protocol, "1.1.2", [hex: :kafka_protocol, repo: "hexpm", optional: false]}, {:supervisor3, "1.1.5", [hex: :supervisor3, repo: "hexpm", optional: false]}], "hexpm"},
  "bunt": {:hex, :bunt, "0.2.0", "951c6e801e8b1d2cbe58ebbd3e616a869061ddadcc4863d0a2182541acae9a38", [:mix], [], "hexpm"},
  "bypass": {:hex, :bypass, "1.0.0", "b78b3dcb832a71aca5259c1a704b2e14b55fd4e1327ff942598b4e7d1a7ad83d", [:mix], [{:plug, "~> 1.7", [hex: :plug, repo: "hexpm", optional: false]}, {:plug_cowboy, "~> 1.0 or ~> 2.0", [hex: :plug_cowboy, repo: "hexpm", optional: false]}], "hexpm"},
  "cachex": {:hex, :cachex, "3.1.3", "86ed0669ea4b2f3e3982dbb5c6ca9e0964e46738e572c9156f22ceb75f57c336", [:mix], [{:eternal, "~> 1.2", [hex: :eternal, repo: "hexpm", optional: false]}, {:jumper, "~> 1.0", [hex: :jumper, repo: "hexpm", optional: false]}, {:sleeplocks, "~> 1.1", [hex: :sleeplocks, repo: "hexpm", optional: false]}, {:unsafe, "~> 1.0", [hex: :unsafe, repo: "hexpm", optional: false]}], "hexpm"},
  "certifi": {:hex, :certifi, "2.5.1", "867ce347f7c7d78563450a18a6a28a8090331e77fa02380b4a21962a65d36ee5", [:rebar3], [{:parse_trans, "~>3.3", [hex: :parse_trans, repo: "hexpm", optional: false]}], "hexpm"},
  "checkov": {:hex, :checkov, "0.4.0", "a1974a5885f62f8943a9059f0d5252b222271e0e58dd872ffb60323f2e376433", [:mix], [], "hexpm"},
  "cowboy": {:hex, :cowboy, "2.6.1", "f2e06f757c337b3b311f9437e6e072b678fcd71545a7b2865bdaa154d078593f", [:rebar3], [{:cowlib, "~> 2.7.0", [hex: :cowlib, repo: "hexpm", optional: false]}, {:ranch, "~> 1.7.1", [hex: :ranch, repo: "hexpm", optional: false]}], "hexpm"},
  "cowlib": {:hex, :cowlib, "2.7.0", "3ef16e77562f9855a2605900cedb15c1462d76fb1be6a32fc3ae91973ee543d2", [:rebar3], [], "hexpm"},
  "credo": {:hex, :credo, "1.0.4", "d2214d4cc88c07f54004ffd5a2a27408208841be5eca9f5a72ce9e8e835f7ede", [:mix], [{:bunt, "~> 0.2.0", [hex: :bunt, repo: "hexpm", optional: false]}, {:jason, "~> 1.0", [hex: :jason, repo: "hexpm", optional: false]}], "hexpm"},
  "delta_crdt": {:hex, :delta_crdt, "0.1.11", "03fd295c030fee540f26414ebb38783b243b20c525436d3d6e40dfbf091e9b96", [:mix], [], "hexpm"},
  "distillery": {:hex, :distillery, "2.0.12", "6e78fe042df82610ac3fa50bd7d2d8190ad287d120d3cd1682d83a44e8b34dfb", [:mix], [{:artificery, "~> 0.2", [hex: :artificery, repo: "hexpm", optional: false]}], "hexpm"},
  "divo": {:hex, :divo, "1.1.2", "72720fb69e66f17e7a0aa8a62ac442a560cf15c47115d5d621efd913d533f203", [:mix], [{:jason, "~> 1.1", [hex: :jason, repo: "hexpm", optional: false]}, {:patiently, "~> 0.2", [hex: :patiently, repo: "hexpm", optional: false]}], "hexpm:smartcolumbus_os"},
  "divo_kafka": {:hex, :divo_kafka, "0.1.0", "e32b3526abd4af52e6e82460e2fb5e48eb0be4cc633a4985435e774ded61c0f8", [:mix], [{:divo, "~> 1.1", [hex: :divo, repo: "hexpm:smartcolumbus_os", optional: false]}], "hexpm:smartcolumbus_os"},
  "divo_redis": {:hex, :divo_redis, "0.1.0", "e6ab8aa2ec0a4b8e5b358406f0ea68d6cbed612c783f25bd54ff0910dc1bc5ef", [:mix], [{:divo, "~> 1.1", [hex: :divo, repo: "hexpm:smartcolumbus_os", optional: false]}], "hexpm:smartcolumbus_os"},
  "download": {:hex, :download, "0.0.4", "e031589ef0503005468962de6fdbc2ac7ddeba4671b3093c619e091f4055e45d", [:mix], [{:httpoison, ">= 0.9.0", [hex: :httpoison, repo: "hexpm", optional: false]}], "hexpm"},
  "downstream": {:hex, :downstream, "1.0.0", "9217cef13202e47d309f558283b1e9a2c1ef6496a9aad02dae9961f1310246c0", [:mix], [{:httpoison, "~> 1.5.0", [hex: :httpoison, repo: "hexpm", optional: false]}], "hexpm"},
  "earmark": {:hex, :earmark, "1.3.2", "b840562ea3d67795ffbb5bd88940b1bed0ed9fa32834915125ea7d02e35888a5", [:mix], [], "hexpm"},
  "eternal": {:hex, :eternal, "1.2.1", "d5b6b2499ba876c57be2581b5b999ee9bdf861c647401066d3eeed111d096bc4", [:mix], [], "hexpm"},
  "ex_doc": {:hex, :ex_doc, "0.19.3", "3c7b0f02851f5fc13b040e8e925051452e41248f685e40250d7e40b07b9f8c10", [:mix], [{:earmark, "~> 1.2", [hex: :earmark, repo: "hexpm", optional: false]}, {:makeup_elixir, "~> 0.10", [hex: :makeup_elixir, repo: "hexpm", optional: false]}], "hexpm"},
  "excoveralls": {:hex, :excoveralls, "0.10.6", "e2b9718c9d8e3ef90bc22278c3f76c850a9f9116faf4ebe9678063310742edc2", [:mix], [{:hackney, "~> 1.13", [hex: :hackney, repo: "hexpm", optional: false]}, {:jason, "~> 1.0", [hex: :jason, repo: "hexpm", optional: false]}], "hexpm"},
  "faker": {:hex, :faker, "0.12.0", "796cbac868c86c2df6f273ea4cdf2e271860863820e479e04a374b7ee6c376b6", [:mix], [], "hexpm"},
  "file_system": {:hex, :file_system, "0.2.6", "fd4dc3af89b9ab1dc8ccbcc214a0e60c41f34be251d9307920748a14bf41f1d3", [:mix], [], "hexpm"},
  "hackney": {:hex, :hackney, "1.15.1", "9f8f471c844b8ce395f7b6d8398139e26ddca9ebc171a8b91342ee15a19963f4", [:rebar3], [{:certifi, "2.5.1", [hex: :certifi, repo: "hexpm", optional: false]}, {:idna, "6.0.0", [hex: :idna, repo: "hexpm", optional: false]}, {:metrics, "1.0.1", [hex: :metrics, repo: "hexpm", optional: false]}, {:mimerl, "~>1.1", [hex: :mimerl, repo: "hexpm", optional: false]}, {:ssl_verify_fun, "1.1.4", [hex: :ssl_verify_fun, repo: "hexpm", optional: false]}], "hexpm"},
  "horde": {:hex, :horde, "0.2.3", "d334c7c26b968e793fb737128bea669e95a99653dc1da4ea0bffcfe3dfa6d2cf", [:mix], [{:delta_crdt, "== 0.1.11", [hex: :delta_crdt, repo: "hexpm", optional: false]}, {:xxhash, "~> 0.1", [hex: :xxhash, repo: "hexpm", optional: false]}], "hexpm"},
  "horde_connector": {:hex, :horde_connector, "0.1.0", "4c831ffee0cb91ca5315f16c4bdae70a66bc1a93211263bd086af0ba633cdaba", [:mix], [{:horde, "~> 0.2.3", [hex: :horde, repo: "hexpm", optional: false]}], "hexpm:smartcolumbus_os"},
  "httpoison": {:hex, :httpoison, "1.5.1", "0f55b5b673b03c5c327dac7015a67cb571b99b631acc0bc1b0b98dcd6b9f2104", [:mix], [{:hackney, "~> 1.8", [hex: :hackney, repo: "hexpm", optional: false]}], "hexpm"},
  "idna": {:hex, :idna, "6.0.0", "689c46cbcdf3524c44d5f3dde8001f364cd7608a99556d8fbd8239a5798d4c10", [:rebar3], [{:unicode_util_compat, "0.4.1", [hex: :unicode_util_compat, repo: "hexpm", optional: false]}], "hexpm"},
  "jason": {:hex, :jason, "1.1.2", "b03dedea67a99223a2eaf9f1264ce37154564de899fd3d8b9a21b1a6fd64afe7", [:mix], [{:decimal, "~> 1.0", [hex: :decimal, repo: "hexpm", optional: true]}], "hexpm"},
  "jumper": {:hex, :jumper, "1.0.1", "3c00542ef1a83532b72269fab9f0f0c82bf23a35e27d278bfd9ed0865cecabff", [:mix], [], "hexpm"},
  "kaffe": {:hex, :kaffe, "1.11.0", "7bac255d1a1d242237a3d1e489a7bef52ef1e593bf1eedfb1a4b938c38d80777", [:mix], [{:brod, ">= 3.0.0 and < 3.5.0", [hex: :brod, repo: "hexpm", optional: false]}], "hexpm"},
  "kafka_protocol": {:hex, :kafka_protocol, "1.1.2", "96d09c4287377795ae2c488aceae2dc6872b94edba8309a27ace933d9ae32333", [:rebar, :rebar3], [{:snappyer, "1.2.1", [hex: :snappyer, repo: "hexpm", optional: false]}], "hexpm"},
  "libcluster": {:hex, :libcluster, "3.0.3", "492e98c7f5c9a6e95b8d51f0b198cf8eab60af3b490f40b958d4bc326d11e40e", [:mix], [{:jason, "~> 1.0", [hex: :jason, repo: "hexpm", optional: false]}], "hexpm"},
  "makeup": {:hex, :makeup, "0.8.0", "9cf32aea71c7fe0a4b2e9246c2c4978f9070257e5c9ce6d4a28ec450a839b55f", [:mix], [{:nimble_parsec, "~> 0.5.0", [hex: :nimble_parsec, repo: "hexpm", optional: false]}], "hexpm"},
  "makeup_elixir": {:hex, :makeup_elixir, "0.13.0", "be7a477997dcac2e48a9d695ec730b2d22418292675c75aa2d34ba0909dcdeda", [:mix], [{:makeup, "~> 0.8", [hex: :makeup, repo: "hexpm", optional: false]}], "hexpm"},
  "meck": {:hex, :meck, "0.8.13", "ffedb39f99b0b99703b8601c6f17c7f76313ee12de6b646e671e3188401f7866", [:rebar3], [], "hexpm"},
  "metrics": {:hex, :metrics, "1.0.1", "25f094dea2cda98213cecc3aeff09e940299d950904393b2a29d191c346a8486", [:rebar3], [], "hexpm"},
  "mime": {:hex, :mime, "1.3.1", "30ce04ab3175b6ad0bdce0035cba77bba68b813d523d1aac73d9781b4d193cf8", [:mix], [], "hexpm"},
  "mimerl": {:hex, :mimerl, "1.2.0", "67e2d3f571088d5cfd3e550c383094b47159f3eee8ffa08e64106cdf5e981be3", [:rebar3], [], "hexpm"},
  "mix_test_watch": {:hex, :mix_test_watch, "0.9.0", "c72132a6071261893518fa08e121e911c9358713f62794a90c95db59042af375", [:mix], [{:file_system, "~> 0.2.1 or ~> 0.3", [hex: :file_system, repo: "hexpm", optional: false]}], "hexpm"},
  "mock": {:hex, :mock, "0.3.3", "42a433794b1291a9cf1525c6d26b38e039e0d3a360732b5e467bfc77ef26c914", [:mix], [{:meck, "~> 0.8.13", [hex: :meck, repo: "hexpm", optional: false]}], "hexpm"},
  "nimble_csv": {:hex, :nimble_csv, "0.6.0", "a3673f26d41f986774fe6060e309615343d3cb83a6d435754d8b1fdbd5764879", [:mix], [], "hexpm"},
  "nimble_parsec": {:hex, :nimble_parsec, "0.5.0", "90e2eca3d0266e5c53f8fbe0079694740b9c91b6747f2b7e3c5d21966bba8300", [:mix], [], "hexpm"},
  "observer_cli": {:hex, :observer_cli, "1.4.2", "8e640f9e8da281df5a0118907fd18e348c1f23cdc74729648ee837aed91b8c29", [:rebar3], [{:recon, "2.3.6", [hex: :recon, repo: "hexpm", optional: false]}], "hexpm"},
  "parallel_stream": {:hex, :parallel_stream, "1.0.6", "b967be2b23f0f6787fab7ed681b4c45a215a81481fb62b01a5b750fa8f30f76c", [:mix], [], "hexpm"},
  "parse_trans": {:hex, :parse_trans, "3.3.0", "09765507a3c7590a784615cfd421d101aec25098d50b89d7aa1d66646bc571c1", [:rebar3], [], "hexpm"},
  "patiently": {:hex, :patiently, "0.2.0", "67eb139591e10c4b363ae0198e832552f191c58894731efd3bf124ec4722267a", [:mix], [], "hexpm"},
  "phoenix": {:hex, :phoenix, "1.4.3", "8eed4a64ff1e12372cd634724bddd69185938f52c18e1396ebac76375d85677d", [:mix], [{:jason, "~> 1.0", [hex: :jason, repo: "hexpm", optional: true]}, {:phoenix_pubsub, "~> 1.1", [hex: :phoenix_pubsub, repo: "hexpm", optional: false]}, {:plug, "~> 1.7", [hex: :plug, repo: "hexpm", optional: false]}, {:plug_cowboy, "~> 1.0 or ~> 2.0", [hex: :plug_cowboy, repo: "hexpm", optional: true]}], "hexpm"},
  "phoenix_pubsub": {:hex, :phoenix_pubsub, "1.1.2", "496c303bdf1b2e98a9d26e89af5bba3ab487ba3a3735f74bf1f4064d2a845a3e", [:mix], [], "hexpm"},
  "placebo": {:hex, :placebo, "1.2.1", "303ebb597279fd77b1f6d38ec377be4932f73246351f181d6128d0a58d3f74e9", [:mix], [{:meck, "~> 0.8.9", [hex: :meck, repo: "hexpm", optional: false]}], "hexpm"},
  "plug": {:hex, :plug, "1.8.0", "9d2685cb007fe5e28ed9ac27af2815bc262b7817a00929ac10f56f169f43b977", [:mix], [{:mime, "~> 1.0", [hex: :mime, repo: "hexpm", optional: false]}, {:plug_crypto, "~> 1.0", [hex: :plug_crypto, repo: "hexpm", optional: false]}, {:telemetry, "~> 0.4", [hex: :telemetry, repo: "hexpm", optional: true]}], "hexpm"},
  "plug_cowboy": {:hex, :plug_cowboy, "2.0.2", "6055f16868cc4882b24b6e1d63d2bada94fb4978413377a3b32ac16c18dffba2", [:mix], [{:cowboy, "~> 2.5", [hex: :cowboy, repo: "hexpm", optional: false]}, {:plug, "~> 1.7", [hex: :plug, repo: "hexpm", optional: false]}], "hexpm"},
  "plug_crypto": {:hex, :plug_crypto, "1.0.0", "18e49317d3fa343f24620ed22795ec29d4a5e602d52d1513ccea0b07d8ea7d4d", [:mix], [], "hexpm"},
  "protobuf": {:hex, :protobuf, "0.6.1", "3ae3ca63d12d1a8c5b10c2e5fbc5145dccbff842ccd541109b74b20b631cea3b", [:mix], [], "hexpm"},
  "ranch": {:hex, :ranch, "1.7.1", "6b1fab51b49196860b733a49c07604465a47bdb78aa10c1c16a3d199f7f8c881", [:rebar3], [], "hexpm"},
  "recon": {:hex, :recon, "2.3.6", "2bcad0cf621fb277cabbb6413159cd3aa30265c2dee42c968697988b30108604", [:rebar3], [], "hexpm"},
  "redix": {:hex, :redix, "0.9.3", "c51d66657018a9b14f3b4496b1ba70ef6a16e8414cd19b34635242ac371beb95", [:mix], [], "hexpm"},
  "sleeplocks": {:hex, :sleeplocks, "1.1.1", "3d462a0639a6ef36cc75d6038b7393ae537ab394641beb59830a1b8271faeed3", [:rebar3], [], "hexpm"},
  "smart_city": {:hex, :smart_city, "2.1.0", "0f45d84afffd5dc0b709e8d6eccbcec0e4f5a4bd2a6920c0a7488a5cc2f2e26a", [:mix], [], "hexpm:smartcolumbus_os"},
  "smart_city_data": {:hex, :smart_city_data, "2.1.0", "0b0c9e3b110bd4d0603d5f914907430b537156b6996e08a10367aa4708952dfe", [:mix], [{:jason, "~> 1.1", [hex: :jason, repo: "hexpm", optional: false]}, {:smart_city, "~> 2.1", [hex: :smart_city, repo: "hexpm:smartcolumbus_os", optional: false]}], "hexpm:smartcolumbus_os"},
  "smart_city_registry": {:hex, :smart_city_registry, "2.6.1", "6e4a181cf3fa6cb90b9575c2d11f7d26e7cea8223d17517c420fc3253b3971f4", [:mix], [{:jason, "~> 1.1", [hex: :jason, repo: "hexpm", optional: false]}, {:redix, "~> 0.9.3", [hex: :redix, repo: "hexpm", optional: false]}, {:smart_city, "~> 2.1", [hex: :smart_city, repo: "hexpm:smartcolumbus_os", optional: false]}], "hexpm:smartcolumbus_os"},
  "smart_city_test": {:hex, :smart_city_test, "0.2.1", "455147d8495b2d68312d65c29c7270e8ca6e527fe650cc8d4c4f99269ba602d2", [:mix], [{:ex_doc, "~> 0.19.3", [hex: :ex_doc, repo: "hexpm", optional: false]}, {:faker, "~> 0.12.0", [hex: :faker, repo: "hexpm", optional: false]}, {:smart_city, "~> 2.1", [hex: :smart_city, repo: "hexpm:smartcolumbus_os", optional: false]}], "hexpm:smartcolumbus_os"},
  "snappyer": {:hex, :snappyer, "1.2.1", "06c5f5c8afe80ba38e94e1ca1bd9253de95d8f2c85b08783e8d0f63815580556", [:make, :rebar, :rebar3], [], "hexpm"},
  "ssl_verify_fun": {:hex, :ssl_verify_fun, "1.1.4", "f0eafff810d2041e93f915ef59899c923f4568f4585904d010387ed74988e77b", [:make, :mix, :rebar3], [], "hexpm"},
  "supervisor3": {:hex, :supervisor3, "1.1.5", "5f3c487a6eba23de0e64c06e93efa0eca06f40324a6412c1318c77aca6da8424", [:make, :rebar, :rebar3], [], "hexpm"},
  "sweet_xml": {:hex, :sweet_xml, "0.6.6", "fc3e91ec5dd7c787b6195757fbcf0abc670cee1e4172687b45183032221b66b8", [:mix], [], "hexpm"},
  "tesla": {:hex, :tesla, "1.2.1", "864783cc27f71dd8c8969163704752476cec0f3a51eb3b06393b3971dc9733ff", [:mix], [{:exjsx, ">= 3.0.0", [hex: :exjsx, repo: "hexpm", optional: true]}, {:fuse, "~> 2.4", [hex: :fuse, repo: "hexpm", optional: true]}, {:hackney, "~> 1.6", [hex: :hackney, repo: "hexpm", optional: true]}, {:ibrowse, "~> 4.4.0", [hex: :ibrowse, repo: "hexpm", optional: true]}, {:jason, ">= 1.0.0", [hex: :jason, repo: "hexpm", optional: true]}, {:mime, "~> 1.0", [hex: :mime, repo: "hexpm", optional: false]}, {:poison, ">= 1.0.0", [hex: :poison, repo: "hexpm", optional: true]}], "hexpm"},
  "unicode_util_compat": {:hex, :unicode_util_compat, "0.4.1", "d869e4c68901dd9531385bb0c8c40444ebf624e60b6962d95952775cac5e90cd", [:rebar3], [], "hexpm"},
  "unsafe": {:hex, :unsafe, "1.0.1", "a27e1874f72ee49312e0a9ec2e0b27924214a05e3ddac90e91727bc76f8613d8", [:mix], [], "hexpm"},
  "xxhash": {:hex, :xxhash, "0.2.1", "ab0893a8124f3c11116c57e500485dc5f67817d1d4c44f0fff41f3fd3c590607", [:mix], [], "hexpm"},
  "yeet": {:hex, :yeet, "0.4.1", "b2b50335a95a6a9890d090814acbbb4ced0ad2a5da396f7fd94f595211c035cb", [:mix], [{:brod, "~> 3.4", [hex: :brod, repo: "hexpm", optional: false]}, {:jason, "~> 1.1", [hex: :jason, repo: "hexpm", optional: false]}], "hexpm:smartcolumbus_os"},
}
