{
  "requires": true,
  "lockfileVersion": 1,
  "dependencies": {
    "get-port": {
      "version": "4.2.0",
      "resolved": "https://registry.npmjs.org/get-port/-/get-port-4.2.0.tgz",
      "integrity": "sha512-/b3jarXkH8KJoOMQc3uVGHASwGLPq3gSFJ7tgJm2diza+bydJPTGOibin2steecKeOylE8oY2JERlVWkAJO6yw=="
    },
    "http-echo-server": {
      "version": "2.1.1",
      "resolved": "https://registry.npmjs.org/http-echo-server/-/http-echo-server-2.1.1.tgz",
      "integrity": "sha512-ybEQrtw0fGmSHZHa8W0tjHFz+m9ZBxWT2aYGWTaAlU2fldrxbjOsgs8qfbXBLwJMsToQIg89mTS9kbw44ZRr8A==",
      "requires": {
        "get-port": "^4.0.0"
      }
    }
  }
}
