%{
  "artificery": {:hex, :artificery, "0.4.2", "3ded6e29e13113af52811c72f414d1e88f711410cac1b619ab3a2666bbd7efd4", [:mix], [], "hexpm"},
  "brod": {:hex, :brod, "3.7.10", "d1d3845dbc1e663eb65b9166140504cb6024531cae47d0b09acdaae46b85d305", [:make, :rebar, :rebar3], [{:kafka_protocol, "2.2.8", [hex: :kafka_protocol, repo: "hexpm", optional: false]}, {:supervisor3, "1.1.8", [hex: :supervisor3, repo: "hexpm", optional: false]}], "hexpm"},
  "bunt": {:hex, :bunt, "0.2.0", "951c6e801e8b1d2cbe58ebbd3e616a869061ddadcc4863d0a2182541acae9a38", [:mix], [], "hexpm"},
  "certifi": {:hex, :certifi, "2.5.1", "867ce347f7c7d78563450a18a6a28a8090331e77fa02380b4a21962a65d36ee5", [:rebar3], [{:parse_trans, "~>3.3", [hex: :parse_trans, repo: "hexpm", optional: false]}], "hexpm"},
  "crc32cer": {:hex, :crc32cer, "0.1.3", "8984906c4b4fae6aa292c48f286a1c83b19ad44bd102287acb94d696015967ce", [:make, :rebar, :rebar3], [], "hexpm"},
  "credo": {:hex, :credo, "1.0.5", "fdea745579f8845315fe6a3b43e2f9f8866839cfbc8562bb72778e9fdaa94214", [:mix], [{:bunt, "~> 0.2.0", [hex: :bunt, repo: "hexpm", optional: false]}, {:jason, "~> 1.0", [hex: :jason, repo: "hexpm", optional: false]}], "hexpm"},
  "distillery": {:hex, :distillery, "2.0.14", "25fc1cdad06282334dbf4a11b6e869cc002855c4e11825157498491df2eed594", [:mix], [{:artificery, "~> 0.2", [hex: :artificery, repo: "hexpm", optional: false]}], "hexpm"},
  "divo": {:hex, :divo, "1.1.6", "127a3dc76f380adcae9c663a54ccd414dc6935c900d2a6f2f7293d70b694cfd4", [:mix], [{:jason, "~> 1.1", [hex: :jason, repo: "hexpm", optional: false]}, {:patiently, "~> 0.2", [hex: :patiently, repo: "hexpm", optional: false]}], "hexpm"},
  "divo_kafka": {:hex, :divo_kafka, "0.1.3", "d7a7ecf1b1af1c898c54aa74ba11809deda7b38086267b9576eae1b1ff9f117b", [:mix], [{:divo, "~> 1.1", [hex: :divo, repo: "hexpm", optional: false]}], "hexpm"},
  "divo_redis": {:hex, :divo_redis, "0.1.2", "c179b64e7eb0e6529f2acb48a6a39e32e1a2933938033f5a1a95a688b044b2b3", [:mix], [{:divo, "~> 1.1", [hex: :divo, repo: "hexpm", optional: false]}], "hexpm"},
  "earmark": {:hex, :earmark, "1.3.2", "b840562ea3d67795ffbb5bd88940b1bed0ed9fa32834915125ea7d02e35888a5", [:mix], [], "hexpm"},
  "ex_doc": {:hex, :ex_doc, "0.19.3", "3c7b0f02851f5fc13b040e8e925051452e41248f685e40250d7e40b07b9f8c10", [:mix], [{:earmark, "~> 1.2", [hex: :earmark, repo: "hexpm", optional: false]}, {:makeup_elixir, "~> 0.10", [hex: :makeup_elixir, repo: "hexpm", optional: false]}], "hexpm"},
  "excoveralls": {:hex, :excoveralls, "0.11.1", "dd677fbdd49114fdbdbf445540ec735808250d56b011077798316505064edb2c", [:mix], [{:hackney, "~> 1.0", [hex: :hackney, repo: "hexpm", optional: false]}, {:jason, "~> 1.0", [hex: :jason, repo: "hexpm", optional: false]}], "hexpm"},
  "faker": {:hex, :faker, "0.12.0", "796cbac868c86c2df6f273ea4cdf2e271860863820e479e04a374b7ee6c376b6", [:mix], [], "hexpm"},
  "flow": {:hex, :flow, "0.14.3", "0d92991fe53035894d24aa8dec10dcfccf0ae00c4ed436ace3efa9813a646902", [:mix], [{:gen_stage, "~> 0.14.0", [hex: :gen_stage, repo: "hexpm", optional: false]}], "hexpm"},
  "gen_stage": {:hex, :gen_stage, "0.14.1", "9d46723fda072d4f4bb31a102560013f7960f5d80ea44dcb96fd6304ed61e7a4", [:mix], [], "hexpm"},
  "hackney": {:hex, :hackney, "1.15.1", "9f8f471c844b8ce395f7b6d8398139e26ddca9ebc171a8b91342ee15a19963f4", [:rebar3], [{:certifi, "2.5.1", [hex: :certifi, repo: "hexpm", optional: false]}, {:idna, "6.0.0", [hex: :idna, repo: "hexpm", optional: false]}, {:metrics, "1.0.1", [hex: :metrics, repo: "hexpm", optional: false]}, {:mimerl, "~>1.1", [hex: :mimerl, repo: "hexpm", optional: false]}, {:ssl_verify_fun, "1.1.4", [hex: :ssl_verify_fun, repo: "hexpm", optional: false]}], "hexpm"},
  "idna": {:hex, :idna, "6.0.0", "689c46cbcdf3524c44d5f3dde8001f364cd7608a99556d8fbd8239a5798d4c10", [:rebar3], [{:unicode_util_compat, "0.4.1", [hex: :unicode_util_compat, repo: "hexpm", optional: false]}], "hexpm"},
  "jason": {:hex, :jason, "1.1.2", "b03dedea67a99223a2eaf9f1264ce37154564de899fd3d8b9a21b1a6fd64afe7", [:mix], [{:decimal, "~> 1.0", [hex: :decimal, repo: "hexpm", optional: true]}], "hexpm"},
  "kafka_ex": {:hex, :kafka_ex, "0.10.0", "74a4660f78b488d333d13c42315d54be096a57da35981c99c8aceb2d1d5c34b4", [:mix], [], "hexpm"},
  "kafka_protocol": {:hex, :kafka_protocol, "2.2.8", "f21f0f97529a106ad48eb545b388f58a3536b82ca5e935fa7458008e4b701f4a", [:rebar, :rebar3], [{:crc32cer, "0.1.3", [hex: :crc32cer, repo: "hexpm", optional: false]}, {:snappyer, "1.2.4", [hex: :snappyer, repo: "hexpm", optional: false]}], "hexpm"},
  "makeup": {:hex, :makeup, "0.8.0", "9cf32aea71c7fe0a4b2e9246c2c4978f9070257e5c9ce6d4a28ec450a839b55f", [:mix], [{:nimble_parsec, "~> 0.5.0", [hex: :nimble_parsec, repo: "hexpm", optional: false]}], "hexpm"},
  "makeup_elixir": {:hex, :makeup_elixir, "0.13.0", "be7a477997dcac2e48a9d695ec730b2d22418292675c75aa2d34ba0909dcdeda", [:mix], [{:makeup, "~> 0.8", [hex: :makeup, repo: "hexpm", optional: false]}], "hexpm"},
  "meck": {:hex, :meck, "0.8.13", "ffedb39f99b0b99703b8601c6f17c7f76313ee12de6b646e671e3188401f7866", [:rebar3], [], "hexpm"},
  "metrics": {:hex, :metrics, "1.0.1", "25f094dea2cda98213cecc3aeff09e940299d950904393b2a29d191c346a8486", [:rebar3], [], "hexpm"},
  "mime": {:hex, :mime, "1.3.1", "30ce04ab3175b6ad0bdce0035cba77bba68b813d523d1aac73d9781b4d193cf8", [:mix], [], "hexpm"},
  "mimerl": {:hex, :mimerl, "1.2.0", "67e2d3f571088d5cfd3e550c383094b47159f3eee8ffa08e64106cdf5e981be3", [:rebar3], [], "hexpm"},
  "nimble_parsec": {:hex, :nimble_parsec, "0.5.0", "90e2eca3d0266e5c53f8fbe0079694740b9c91b6747f2b7e3c5d21966bba8300", [:mix], [], "hexpm"},
  "parse_trans": {:hex, :parse_trans, "3.3.0", "09765507a3c7590a784615cfd421d101aec25098d50b89d7aa1d66646bc571c1", [:rebar3], [], "hexpm"},
  "patiently": {:hex, :patiently, "0.2.0", "67eb139591e10c4b363ae0198e832552f191c58894731efd3bf124ec4722267a", [:mix], [], "hexpm"},
  "placebo": {:hex, :placebo, "1.2.1", "303ebb597279fd77b1f6d38ec377be4932f73246351f181d6128d0a58d3f74e9", [:mix], [{:meck, "~> 0.8.9", [hex: :meck, repo: "hexpm", optional: false]}], "hexpm"},
  "prestige": {:hex, :prestige, "0.3.2", "91b4cfbf55ac7282d03124e7f40715f95d130370afda740888c1b41b9b680e13", [:mix], [{:hackney, "~> 1.15", [hex: :hackney, repo: "hexpm", optional: false]}, {:jason, "~> 1.1", [hex: :jason, repo: "hexpm", optional: false]}, {:tesla, "~> 1.2", [hex: :tesla, repo: "hexpm", optional: false]}], "hexpm"},
  "redix": {:hex, :redix, "0.9.3", "c51d66657018a9b14f3b4496b1ba70ef6a16e8414cd19b34635242ac371beb95", [:mix], [], "hexpm"},
  "smart_city": {:hex, :smart_city, "2.1.3", "f54b15c05990daf52e338ad335c5f473acf456b25d7c882d4ce09d085752b89e", [:mix], [], "hexpm"},
  "smart_city_data": {:hex, :smart_city_data, "2.1.5", "27b7a4ce0d182cc4debb26bfdd0f3a50121fffcbfd7352decb9992658a5b5365", [:mix], [{:jason, "~> 1.1", [hex: :jason, repo: "hexpm", optional: false]}, {:smart_city, "~> 2.1", [hex: :smart_city, repo: "hexpm", optional: false]}], "hexpm"},
  "smart_city_registry": {:hex, :smart_city_registry, "2.6.6", "d9c6419cf0ca3c31d1cbe365f7478333129d39457c6e4cb155c74b3ca3cb7716", [:mix], [{:jason, "~> 1.1", [hex: :jason, repo: "hexpm", optional: false]}, {:redix, "~> 0.9.3", [hex: :redix, repo: "hexpm", optional: false]}, {:smart_city, "~> 2.1", [hex: :smart_city, repo: "hexpm", optional: false]}], "hexpm"},
  "smart_city_test": {:hex, :smart_city_test, "0.2.7", "ad8a80e3b28e98a61b2073242ecf225cc38fc0520cbdb85f93fe29c317702a04", [:mix], [{:ex_doc, "~> 0.19.3", [hex: :ex_doc, repo: "hexpm", optional: false]}, {:faker, "~> 0.12.0", [hex: :faker, repo: "hexpm", optional: false]}, {:smart_city, "~> 2.1", [hex: :smart_city, repo: "hexpm", optional: false]}], "hexpm"},
  "snappyer": {:hex, :snappyer, "1.2.4", "6d739c534cd2339633127a2b40279be71f149e5842c5363a4d88e66efb7c1fec", [:make, :rebar, :rebar3], [], "hexpm"},
  "ssl_verify_fun": {:hex, :ssl_verify_fun, "1.1.4", "f0eafff810d2041e93f915ef59899c923f4568f4585904d010387ed74988e77b", [:make, :mix, :rebar3], [], "hexpm"},
  "statistics": {:hex, :statistics, "0.6.1", "dd8a400984bc3f223ff1b0f3dcdf193d3ec3a755bc810a7b08eadd8021516399", [:mix], [], "hexpm"},
  "supervisor3": {:hex, :supervisor3, "1.1.8", "5cf95c95342b589ec8d74689eea0646c0a3eb92820241e0c2d0ca4c104df92bc", [:make, :rebar, :rebar3], [], "hexpm"},
  "tesla": {:hex, :tesla, "1.2.1", "864783cc27f71dd8c8969163704752476cec0f3a51eb3b06393b3971dc9733ff", [:mix], [{:exjsx, ">= 3.0.0", [hex: :exjsx, repo: "hexpm", optional: true]}, {:fuse, "~> 2.4", [hex: :fuse, repo: "hexpm", optional: true]}, {:hackney, "~> 1.6", [hex: :hackney, repo: "hexpm", optional: true]}, {:ibrowse, "~> 4.4.0", [hex: :ibrowse, repo: "hexpm", optional: true]}, {:jason, ">= 1.0.0", [hex: :jason, repo: "hexpm", optional: true]}, {:mime, "~> 1.0", [hex: :mime, repo: "hexpm", optional: false]}, {:poison, ">= 1.0.0", [hex: :poison, repo: "hexpm", optional: true]}], "hexpm"},
  "unicode_util_compat": {:hex, :unicode_util_compat, "0.4.1", "d869e4c68901dd9531385bb0c8c40444ebf624e60b6962d95952775cac5e90cd", [:rebar3], [], "hexpm"},
  "yeet": {:hex, :yeet, "1.0.1", "1f0c5c7669bef7c86bf13aac4ef1967fff3da4b68169ecea56b168860086f11d", [:mix], [{:brod, "~> 3.4", [hex: :brod, repo: "hexpm", optional: false]}, {:jason, "~> 1.1", [hex: :jason, repo: "hexpm", optional: false]}], "hexpm"},
}
