%{
  "brod": {:hex, :brod, "3.4.0", "34664713baaa60aed3b560c6a679cf90ace8dde8672732e730218db57440e37a", [:make, :rebar, :rebar3], [{:kafka_protocol, "1.1.2", [hex: :kafka_protocol, repo: "hexpm", optional: false]}, {:supervisor3, "1.1.5", [hex: :supervisor3, repo: "hexpm", optional: false]}], "hexpm"},
  "flow": {:hex, :flow, "0.14.3", "0d92991fe53035894d24aa8dec10dcfccf0ae00c4ed436ace3efa9813a646902", [:mix], [{:gen_stage, "~> 0.14.0", [hex: :gen_stage, repo: "hexpm", optional: false]}], "hexpm"},
  "gen_stage": {:hex, :gen_stage, "0.14.1", "9d46723fda072d4f4bb31a102560013f7960f5d80ea44dcb96fd6304ed61e7a4", [:mix], [], "hexpm"},
  "jason": {:hex, :jason, "1.1.2", "b03dedea67a99223a2eaf9f1264ce37154564de899fd3d8b9a21b1a6fd64afe7", [:mix], [{:decimal, "~> 1.0", [hex: :decimal, repo: "hexpm", optional: true]}], "hexpm"},
  "kaffe": {:hex, :kaffe, "1.9.2", "f549db79f0ac021f3f097d2a545b15dfc5e8f65d028bf9e57b2db5b271b9cde2", [:mix], [{:brod, ">= 3.0.0 and < 3.5.0", [hex: :brod, repo: "hexpm", optional: false]}], "hexpm"},
  "kafka_protocol": {:hex, :kafka_protocol, "1.1.2", "96d09c4287377795ae2c488aceae2dc6872b94edba8309a27ace933d9ae32333", [:rebar, :rebar3], [{:snappyer, "1.2.1", [hex: :snappyer, repo: "hexpm", optional: false]}], "hexpm"},
  "scos_ex": {:hex, :scos_ex, "0.1.1", "e81e3370c6a05a0e834e64848c7dfd37998df750e93b3fd3854fd79c91c3e38e", [:mix], [{:jason, "~> 1.1", [hex: :jason, repo: "hexpm", optional: false]}], "hexpm:smartcolumbus_os"},
  "snappyer": {:hex, :snappyer, "1.2.1", "06c5f5c8afe80ba38e94e1ca1bd9253de95d8f2c85b08783e8d0f63815580556", [:make, :rebar, :rebar3], [], "hexpm"},
  "statistics": {:hex, :statistics, "0.6.1", "dd8a400984bc3f223ff1b0f3dcdf193d3ec3a755bc810a7b08eadd8021516399", [:mix], [], "hexpm"},
  "supervisor3": {:hex, :supervisor3, "1.1.5", "5f3c487a6eba23de0e64c06e93efa0eca06f40324a6412c1318c77aca6da8424", [:make, :rebar, :rebar3], [], "hexpm"},
}
