%{
  "elixir_uuid": {:hex, :elixir_uuid, "1.2.0", "ff26e938f95830b1db152cb6e594d711c10c02c6391236900ddd070a6b01271d", [:mix], [], "hexpm"},
  "ex_aws": {:hex, :ex_aws, "2.1.1", "1e4de2106cfbf4e837de41be41cd15813eabc722315e388f0d6bb3732cec47cd", [:mix], [{:configparser_ex, "~> 4.0", [hex: :configparser_ex, repo: "hexpm", optional: true]}, {:hackney, "1.6.3 or 1.6.5 or 1.7.1 or 1.8.6 or ~> 1.9", [hex: :hackney, repo: "hexpm", optional: true]}, {:jsx, "~> 2.8", [hex: :jsx, repo: "hexpm", optional: true]}, {:poison, ">= 1.2.0", [hex: :poison, repo: "hexpm", optional: true]}, {:sweet_xml, "~> 0.6", [hex: :sweet_xml, repo: "hexpm", optional: true]}], "hexpm"},
  "ex_aws_s3": {:hex, :ex_aws_s3, "2.0.2", "c0258bbdfea55de4f98f0b2f0ca61fe402cc696f573815134beb1866e778f47b", [:mix], [{:ex_aws, "~> 2.0", [hex: :ex_aws, repo: "hexpm", optional: false]}, {:sweet_xml, ">= 0.0.0", [hex: :sweet_xml, repo: "hexpm", optional: true]}], "hexpm"},
  "exshape": {:hex, :exshape, "2.2.6", "6b24d0e187cbe8761e3eceb77d1061cbdb9e54e3ee6dd3236befa0d530f7885b", [:mix], [{:elixir_uuid, "~> 1.2", [hex: :elixir_uuid, repo: "hexpm", optional: false]}], "hexpm"},
  "geomancer": {:git, "https://github.com/jdenen/geomancer.git", "2081b1d5ac7e3085dc2c3de6aee10c70f9155138", []},
  "jason": {:hex, :jason, "1.1.2", "b03dedea67a99223a2eaf9f1264ce37154564de899fd3d8b9a21b1a6fd64afe7", [:mix], [{:decimal, "~> 1.0", [hex: :decimal, repo: "hexpm", optional: true]}], "hexpm"},
  "redix": {:hex, :redix, "0.10.2", "a9eabf47898aa878650df36194aeb63966d74f5bd69d9caa37babb32dbb93c5d", [:mix], [{:telemetry, "~> 0.4.0", [hex: :telemetry, repo: "hexpm", optional: false]}], "hexpm"},
  "retry": {:hex, :retry, "0.13.0", "bb9b2713f70f39337837852337ad280c77662574f4fb852a8386c269f3d734c4", [:mix], [], "hexpm"},
  "smart_city": {:hex, :smart_city, "2.1.6", "88180173faa62032feddcc427d80465e056c46e8b17609a86633070ff44f86a1", [:mix], [], "hexpm"},
  "smart_city_registry": {:hex, :smart_city_registry, "4.0.0", "e3b86865b9c9340c15cfc93d7055249d1de85f53398ec3800d3d3b17b238f920", [:mix], [{:jason, "~> 1.1", [hex: :jason, repo: "hexpm", optional: false]}, {:redix, "~> 0.9", [hex: :redix, repo: "hexpm", optional: false]}, {:smart_city, "~> 2.1", [hex: :smart_city, repo: "hexpm", optional: false]}], "hexpm"},
  "telemetry": {:hex, :telemetry, "0.4.0", "8339bee3fa8b91cb84d14c2935f8ecf399ccd87301ad6da6b71c09553834b2ab", [:rebar3], [], "hexpm"},
}
