%{
  "artificery": {:hex, :artificery, "0.4.2", "3ded6e29e13113af52811c72f414d1e88f711410cac1b619ab3a2666bbd7efd4", [:mix], [], "hexpm"},
  "benchee": {:hex, :benchee, "1.0.1", "66b211f9bfd84bd97e6d1beaddf8fc2312aaabe192f776e8931cb0c16f53a521", [:mix], [{:deep_merge, "~> 1.0", [hex: :deep_merge, repo: "hexpm", optional: false]}], "hexpm"},
  "brod": {:hex, :brod, "3.8.1", "74426e2d27989cd7f973599bc209c899dca8588068d27a2a37ca1b4bf8823c2a", [:make, :rebar, :rebar3], [{:kafka_protocol, "2.2.9", [hex: :kafka_protocol, repo: "hexpm", optional: false]}, {:supervisor3, "1.1.8", [hex: :supervisor3, repo: "hexpm", optional: false]}], "hexpm"},
  "bunt": {:hex, :bunt, "0.2.0", "951c6e801e8b1d2cbe58ebbd3e616a869061ddadcc4863d0a2182541acae9a38", [:mix], [], "hexpm"},
  "certifi": {:hex, :certifi, "2.5.1", "867ce347f7c7d78563450a18a6a28a8090331e77fa02380b4a21962a65d36ee5", [:rebar3], [{:parse_trans, "~>3.3", [hex: :parse_trans, repo: "hexpm", optional: false]}], "hexpm"},
  "crc32cer": {:hex, :crc32cer, "0.1.3", "8984906c4b4fae6aa292c48f286a1c83b19ad44bd102287acb94d696015967ce", [:make, :rebar, :rebar3], [], "hexpm"},
  "credo": {:hex, :credo, "1.1.0", "e0c07b2fd7e2109495f582430a1bc96b2c71b7d94c59dfad120529f65f19872f", [:mix], [{:bunt, "~> 0.2.0", [hex: :bunt, repo: "hexpm", optional: false]}, {:jason, "~> 1.0", [hex: :jason, repo: "hexpm", optional: false]}], "hexpm"},
  "deep_merge": {:hex, :deep_merge, "1.0.0", "b4aa1a0d1acac393bdf38b2291af38cb1d4a52806cf7a4906f718e1feb5ee961", [:mix], [], "hexpm"},
  "dialyxir": {:hex, :dialyxir, "1.0.0-rc.6", "78e97d9c0ff1b5521dd68041193891aebebce52fc3b93463c0a6806874557d7d", [:mix], [{:erlex, "~> 0.2.1", [hex: :erlex, repo: "hexpm", optional: false]}], "hexpm"},
  "distillery": {:hex, :distillery, "2.0.14", "25fc1cdad06282334dbf4a11b6e869cc002855c4e11825157498491df2eed594", [:mix], [{:artificery, "~> 0.2", [hex: :artificery, repo: "hexpm", optional: false]}], "hexpm"},
  "divo": {:hex, :divo, "1.1.9", "6f91b0a02bd97800eb9a99abd771b4c9b67d282b67abc223eb2832b93f557b7e", [:mix], [{:jason, "~> 1.1", [hex: :jason, repo: "hexpm", optional: false]}, {:patiently, "~> 0.2", [hex: :patiently, repo: "hexpm", optional: false]}], "hexpm"},
  "earmark": {:hex, :earmark, "1.3.2", "b840562ea3d67795ffbb5bd88940b1bed0ed9fa32834915125ea7d02e35888a5", [:mix], [], "hexpm"},
  "elsa": {:hex, :elsa, "0.5.0", "8cb7b82a3f8ec95b935ece97c5ddc87430f329a2ceac19c7c8621a6baa795f82", [:mix], [{:brod, "~> 3.7", [hex: :brod, repo: "hexpm", optional: false]}], "hexpm"},
  "erlex": {:hex, :erlex, "0.2.2", "cb0e6878fdf86dc63509eaf2233a71fa73fc383c8362c8ff8e8b6f0c2bb7017c", [:mix], [], "hexpm"},
  "ex_doc": {:hex, :ex_doc, "0.20.2", "1bd0dfb0304bade58beb77f20f21ee3558cc3c753743ae0ddbb0fd7ba2912331", [:mix], [{:earmark, "~> 1.3", [hex: :earmark, repo: "hexpm", optional: false]}, {:makeup_elixir, "~> 0.10", [hex: :makeup_elixir, repo: "hexpm", optional: false]}], "hexpm"},
  "faker": {:hex, :faker, "0.12.0", "796cbac868c86c2df6f273ea4cdf2e271860863820e479e04a374b7ee6c376b6", [:mix], [], "hexpm"},
  "file_system": {:hex, :file_system, "0.2.7", "e6f7f155970975789f26e77b8b8d8ab084c59844d8ecfaf58cbda31c494d14aa", [:mix], [], "hexpm"},
  "hackney": {:hex, :hackney, "1.15.1", "9f8f471c844b8ce395f7b6d8398139e26ddca9ebc171a8b91342ee15a19963f4", [:rebar3], [{:certifi, "2.5.1", [hex: :certifi, repo: "hexpm", optional: false]}, {:idna, "6.0.0", [hex: :idna, repo: "hexpm", optional: false]}, {:metrics, "1.0.1", [hex: :metrics, repo: "hexpm", optional: false]}, {:mimerl, "~>1.1", [hex: :mimerl, repo: "hexpm", optional: false]}, {:ssl_verify_fun, "1.1.4", [hex: :ssl_verify_fun, repo: "hexpm", optional: false]}], "hexpm"},
  "husky": {:hex, :husky, "1.0.2", "ac28e2526f402db53e532c5bb2f1ca76ec86c48f2702e54b58e2662173144052", [:mix], [{:poison, ">= 1.2.1", [hex: :poison, repo: "hexpm", optional: true]}], "hexpm"},
  "idna": {:hex, :idna, "6.0.0", "689c46cbcdf3524c44d5f3dde8001f364cd7608a99556d8fbd8239a5798d4c10", [:rebar3], [{:unicode_util_compat, "0.4.1", [hex: :unicode_util_compat, repo: "hexpm", optional: false]}], "hexpm"},
  "jason": {:hex, :jason, "1.1.2", "b03dedea67a99223a2eaf9f1264ce37154564de899fd3d8b9a21b1a6fd64afe7", [:mix], [{:decimal, "~> 1.0", [hex: :decimal, repo: "hexpm", optional: true]}], "hexpm"},
  "kaffe": {:hex, :kaffe, "1.14.1", "64a8200a253e5e5bf10fb522f7c77111ac94284a9e0e8499d1bd5429408d892c", [:mix], [{:brod, "~> 3.0", [hex: :brod, repo: "hexpm", optional: false]}], "hexpm"},
  "kafka_protocol": {:hex, :kafka_protocol, "2.2.9", "fbec2ddb607a0cb05b832a93dcfdd4dbae6bd3b838c9aace93f6871bbb91f81f", [:rebar, :rebar3], [{:crc32cer, "0.1.3", [hex: :crc32cer, repo: "hexpm", optional: false]}, {:snappyer, "1.2.4", [hex: :snappyer, repo: "hexpm", optional: false]}], "hexpm"},
  "makeup": {:hex, :makeup, "0.8.0", "9cf32aea71c7fe0a4b2e9246c2c4978f9070257e5c9ce6d4a28ec450a839b55f", [:mix], [{:nimble_parsec, "~> 0.5.0", [hex: :nimble_parsec, repo: "hexpm", optional: false]}], "hexpm"},
  "makeup_elixir": {:hex, :makeup_elixir, "0.13.0", "be7a477997dcac2e48a9d695ec730b2d22418292675c75aa2d34ba0909dcdeda", [:mix], [{:makeup, "~> 0.8", [hex: :makeup, repo: "hexpm", optional: false]}], "hexpm"},
  "meck": {:hex, :meck, "0.8.13", "ffedb39f99b0b99703b8601c6f17c7f76313ee12de6b646e671e3188401f7866", [:rebar3], [], "hexpm"},
  "metrics": {:hex, :metrics, "1.0.1", "25f094dea2cda98213cecc3aeff09e940299d950904393b2a29d191c346a8486", [:rebar3], [], "hexpm"},
  "mime": {:hex, :mime, "1.3.1", "30ce04ab3175b6ad0bdce0035cba77bba68b813d523d1aac73d9781b4d193cf8", [:mix], [], "hexpm"},
  "mimerl": {:hex, :mimerl, "1.2.0", "67e2d3f571088d5cfd3e550c383094b47159f3eee8ffa08e64106cdf5e981be3", [:rebar3], [], "hexpm"},
  "mix_test_watch": {:hex, :mix_test_watch, "0.9.0", "c72132a6071261893518fa08e121e911c9358713f62794a90c95db59042af375", [:mix], [{:file_system, "~> 0.2.1 or ~> 0.3", [hex: :file_system, repo: "hexpm", optional: false]}], "hexpm"},
  "nimble_parsec": {:hex, :nimble_parsec, "0.5.0", "90e2eca3d0266e5c53f8fbe0079694740b9c91b6747f2b7e3c5d21966bba8300", [:mix], [], "hexpm"},
  "observer_cli": {:hex, :observer_cli, "1.5.0", "9944882b71f55b2503663d9cb54d3f1c7bbdf7cc6dd01cc40ea8ef51207601ec", [:mix, :rebar3], [{:recon, "2.5.0", [hex: :recon, repo: "hexpm", optional: false]}], "hexpm"},
  "parse_trans": {:hex, :parse_trans, "3.3.0", "09765507a3c7590a784615cfd421d101aec25098d50b89d7aa1d66646bc571c1", [:rebar3], [], "hexpm"},
  "patiently": {:hex, :patiently, "0.2.0", "67eb139591e10c4b363ae0198e832552f191c58894731efd3bf124ec4722267a", [:mix], [], "hexpm"},
  "placebo": {:hex, :placebo, "1.2.2", "a3d47906b01844bfd04ab0351a605620619fdb8f011225e406696f96a88ff380", [:mix], [{:meck, "~> 0.8.13", [hex: :meck, repo: "hexpm", optional: false]}], "hexpm"},
  "prestige": {:hex, :prestige, "0.3.4", "81835d3c52d6e72808cffd165800d222f1cbbe252fe680b041634228a08d9219", [:mix], [{:hackney, "~> 1.15", [hex: :hackney, repo: "hexpm", optional: false]}, {:jason, "~> 1.1", [hex: :jason, repo: "hexpm", optional: false]}, {:tesla, "~> 1.2", [hex: :tesla, repo: "hexpm", optional: false]}], "hexpm"},
  "recon": {:hex, :recon, "2.5.0", "2f7fcbec2c35034bade2f9717f77059dc54eb4e929a3049ca7ba6775c0bd66cd", [:mix, :rebar3], [], "hexpm"},
  "redix": {:hex, :redix, "0.10.2", "a9eabf47898aa878650df36194aeb63966d74f5bd69d9caa37babb32dbb93c5d", [:mix], [{:telemetry, "~> 0.4.0", [hex: :telemetry, repo: "hexpm", optional: false]}], "hexpm"},
  "retry": {:hex, :retry, "0.12.0", "2ea22a2e244627d95e263f08d33f4a67f372f7d5cf6168c2ea0a8b27735589e4", [:mix], [], "hexpm"},
  "smart_city": {:hex, :smart_city, "2.1.6", "88180173faa62032feddcc427d80465e056c46e8b17609a86633070ff44f86a1", [:mix], [], "hexpm"},
  "smart_city_data": {:hex, :smart_city_data, "2.1.8", "0f16f7e42d755726b908d16cf463555687b9ac194f9898a42f28ad5623f8f397", [:mix], [{:jason, "~> 1.1", [hex: :jason, repo: "hexpm", optional: false]}, {:smart_city, "~> 2.1", [hex: :smart_city, repo: "hexpm", optional: false]}], "hexpm"},
  "smart_city_registry": {:hex, :smart_city_registry, "3.3.1", "3374eac68d1efe2af4e0c347386d030df241f767cba04c1b1f665a0378790d73", [:mix], [{:jason, "~> 1.1", [hex: :jason, repo: "hexpm", optional: false]}, {:redix, "~> 0.9", [hex: :redix, repo: "hexpm", optional: false]}, {:smart_city, "~> 2.1", [hex: :smart_city, repo: "hexpm", optional: false]}], "hexpm"},
  "smart_city_test": {:hex, :smart_city_test, "0.3.2", "24b6114d9174e107b0d1deafec0d2060c36a6e26e3c351d4fbbe8b3ec8bec721", [:mix], [{:ex_doc, "~> 0.19", [hex: :ex_doc, repo: "hexpm", optional: false]}, {:faker, "~> 0.12", [hex: :faker, repo: "hexpm", optional: false]}, {:patiently, "~> 0.2", [hex: :patiently, repo: "hexpm", optional: false]}, {:smart_city, "~> 2.1", [hex: :smart_city, repo: "hexpm", optional: false]}], "hexpm"},
  "snappyer": {:hex, :snappyer, "1.2.4", "6d739c534cd2339633127a2b40279be71f149e5842c5363a4d88e66efb7c1fec", [:make, :rebar, :rebar3], [], "hexpm"},
  "ssl_verify_fun": {:hex, :ssl_verify_fun, "1.1.4", "f0eafff810d2041e93f915ef59899c923f4568f4585904d010387ed74988e77b", [:make, :mix, :rebar3], [], "hexpm"},
  "supervisor3": {:hex, :supervisor3, "1.1.8", "5cf95c95342b589ec8d74689eea0646c0a3eb92820241e0c2d0ca4c104df92bc", [:make, :rebar, :rebar3], [], "hexpm"},
  "telemetry": {:hex, :telemetry, "0.4.0", "8339bee3fa8b91cb84d14c2935f8ecf399ccd87301ad6da6b71c09553834b2ab", [:rebar3], [], "hexpm"},
  "tesla": {:hex, :tesla, "1.2.1", "864783cc27f71dd8c8969163704752476cec0f3a51eb3b06393b3971dc9733ff", [:mix], [{:exjsx, ">= 3.0.0", [hex: :exjsx, repo: "hexpm", optional: true]}, {:fuse, "~> 2.4", [hex: :fuse, repo: "hexpm", optional: true]}, {:hackney, "~> 1.6", [hex: :hackney, repo: "hexpm", optional: true]}, {:ibrowse, "~> 4.4.0", [hex: :ibrowse, repo: "hexpm", optional: true]}, {:jason, ">= 1.0.0", [hex: :jason, repo: "hexpm", optional: true]}, {:mime, "~> 1.0", [hex: :mime, repo: "hexpm", optional: false]}, {:poison, ">= 1.0.0", [hex: :poison, repo: "hexpm", optional: true]}], "hexpm"},
  "unicode_util_compat": {:hex, :unicode_util_compat, "0.4.1", "d869e4c68901dd9531385bb0c8c40444ebf624e60b6962d95952775cac5e90cd", [:rebar3], [], "hexpm"},
  "yeet": {:hex, :yeet, "1.0.5", "9dae7941f9f4576e88b418f3179f83d38440a2db2a2a049d6e81d714cb458eb4", [:mix], [{:brod, "~> 3.7", [hex: :brod, repo: "hexpm", optional: false]}, {:jason, "~> 1.1", [hex: :jason, repo: "hexpm", optional: false]}], "hexpm"},
}
