%{
  "artificery": {:hex, :artificery, "0.4.2", "3ded6e29e13113af52811c72f414d1e88f711410cac1b619ab3a2666bbd7efd4", [:mix], [], "hexpm"},
  "benchee": {:hex, :benchee, "1.0.1", "66b211f9bfd84bd97e6d1beaddf8fc2312aaabe192f776e8931cb0c16f53a521", [:mix], [{:deep_merge, "~> 1.0", [hex: :deep_merge, repo: "hexpm", optional: false]}], "hexpm"},
  "brod": {:hex, :brod, "3.8.0", "069f199ec3dfaade68c73529162f1d21cc58ec492c4535c71e5712b406234075", [:make, :rebar, :rebar3], [{:kafka_protocol, "2.2.9", [hex: :kafka_protocol, repo: "hexpm", optional: false]}, {:supervisor3, "1.1.8", [hex: :supervisor3, repo: "hexpm", optional: false]}], "hexpm"},
  "bunt": {:hex, :bunt, "0.2.0", "951c6e801e8b1d2cbe58ebbd3e616a869061ddadcc4863d0a2182541acae9a38", [:mix], [], "hexpm"},
  "cachex": {:hex, :cachex, "3.1.3", "86ed0669ea4b2f3e3982dbb5c6ca9e0964e46738e572c9156f22ceb75f57c336", [:mix], [{:eternal, "~> 1.2", [hex: :eternal, repo: "hexpm", optional: false]}, {:jumper, "~> 1.0", [hex: :jumper, repo: "hexpm", optional: false]}, {:sleeplocks, "~> 1.1", [hex: :sleeplocks, repo: "hexpm", optional: false]}, {:unsafe, "~> 1.0", [hex: :unsafe, repo: "hexpm", optional: false]}], "hexpm"},
  "crc32cer": {:hex, :crc32cer, "0.1.3", "8984906c4b4fae6aa292c48f286a1c83b19ad44bd102287acb94d696015967ce", [:make, :rebar, :rebar3], [], "hexpm"},
  "credo": {:hex, :credo, "1.1.0", "e0c07b2fd7e2109495f582430a1bc96b2c71b7d94c59dfad120529f65f19872f", [:mix], [{:bunt, "~> 0.2.0", [hex: :bunt, repo: "hexpm", optional: false]}, {:jason, "~> 1.0", [hex: :jason, repo: "hexpm", optional: false]}], "hexpm"},
  "deep_merge": {:hex, :deep_merge, "1.0.0", "b4aa1a0d1acac393bdf38b2291af38cb1d4a52806cf7a4906f718e1feb5ee961", [:mix], [], "hexpm"},
  "distillery": {:hex, :distillery, "2.0.14", "25fc1cdad06282334dbf4a11b6e869cc002855c4e11825157498491df2eed594", [:mix], [{:artificery, "~> 0.2", [hex: :artificery, repo: "hexpm", optional: false]}], "hexpm"},
  "divo": {:hex, :divo, "1.1.6", "127a3dc76f380adcae9c663a54ccd414dc6935c900d2a6f2f7293d70b694cfd4", [:mix], [{:jason, "~> 1.1", [hex: :jason, repo: "hexpm", optional: false]}, {:patiently, "~> 0.2", [hex: :patiently, repo: "hexpm", optional: false]}], "hexpm"},
  "divo_kafka": {:hex, :divo_kafka, "0.1.3", "d7a7ecf1b1af1c898c54aa74ba11809deda7b38086267b9576eae1b1ff9f117b", [:mix], [{:divo, "~> 1.1", [hex: :divo, repo: "hexpm", optional: false]}], "hexpm"},
  "divo_redis": {:hex, :divo_redis, "0.1.2", "c179b64e7eb0e6529f2acb48a6a39e32e1a2933938033f5a1a95a688b044b2b3", [:mix], [{:divo, "~> 1.1", [hex: :divo, repo: "hexpm", optional: false]}], "hexpm"},
  "earmark": {:hex, :earmark, "1.3.2", "b840562ea3d67795ffbb5bd88940b1bed0ed9fa32834915125ea7d02e35888a5", [:mix], [], "hexpm"},
  "elsa": {:hex, :elsa, "0.1.0", "8c064175c9b4235a40a8c2a80a0435f18b7aab948408ec7291cd1e5b4cb61b90", [:mix], [{:brod, "~> 3.7", [hex: :brod, repo: "hexpm", optional: false]}], "hexpm"},
  "eternal": {:hex, :eternal, "1.2.1", "d5b6b2499ba876c57be2581b5b999ee9bdf861c647401066d3eeed111d096bc4", [:mix], [], "hexpm"},
  "ex_doc": {:hex, :ex_doc, "0.19.3", "3c7b0f02851f5fc13b040e8e925051452e41248f685e40250d7e40b07b9f8c10", [:mix], [{:earmark, "~> 1.2", [hex: :earmark, repo: "hexpm", optional: false]}, {:makeup_elixir, "~> 0.10", [hex: :makeup_elixir, repo: "hexpm", optional: false]}], "hexpm"},
  "faker": {:hex, :faker, "0.12.0", "796cbac868c86c2df6f273ea4cdf2e271860863820e479e04a374b7ee6c376b6", [:mix], [], "hexpm"},
  "file_system": {:hex, :file_system, "0.2.7", "e6f7f155970975789f26e77b8b8d8ab084c59844d8ecfaf58cbda31c494d14aa", [:mix], [], "hexpm"},
  "jason": {:hex, :jason, "1.1.2", "b03dedea67a99223a2eaf9f1264ce37154564de899fd3d8b9a21b1a6fd64afe7", [:mix], [{:decimal, "~> 1.0", [hex: :decimal, repo: "hexpm", optional: true]}], "hexpm"},
  "jumper": {:hex, :jumper, "1.0.1", "3c00542ef1a83532b72269fab9f0f0c82bf23a35e27d278bfd9ed0865cecabff", [:mix], [], "hexpm"},
  "kafka_protocol": {:hex, :kafka_protocol, "2.2.9", "fbec2ddb607a0cb05b832a93dcfdd4dbae6bd3b838c9aace93f6871bbb91f81f", [:rebar, :rebar3], [{:crc32cer, "0.1.3", [hex: :crc32cer, repo: "hexpm", optional: false]}, {:snappyer, "1.2.4", [hex: :snappyer, repo: "hexpm", optional: false]}], "hexpm"},
  "makeup": {:hex, :makeup, "0.8.0", "9cf32aea71c7fe0a4b2e9246c2c4978f9070257e5c9ce6d4a28ec450a839b55f", [:mix], [{:nimble_parsec, "~> 0.5.0", [hex: :nimble_parsec, repo: "hexpm", optional: false]}], "hexpm"},
  "makeup_elixir": {:hex, :makeup_elixir, "0.13.0", "be7a477997dcac2e48a9d695ec730b2d22418292675c75aa2d34ba0909dcdeda", [:mix], [{:makeup, "~> 0.8", [hex: :makeup, repo: "hexpm", optional: false]}], "hexpm"},
  "meck": {:hex, :meck, "0.8.13", "ffedb39f99b0b99703b8601c6f17c7f76313ee12de6b646e671e3188401f7866", [:rebar3], [], "hexpm"},
  "mix_test_watch": {:hex, :mix_test_watch, "0.9.0", "c72132a6071261893518fa08e121e911c9358713f62794a90c95db59042af375", [:mix], [{:file_system, "~> 0.2.1 or ~> 0.3", [hex: :file_system, repo: "hexpm", optional: false]}], "hexpm"},
  "nimble_parsec": {:hex, :nimble_parsec, "0.5.0", "90e2eca3d0266e5c53f8fbe0079694740b9c91b6747f2b7e3c5d21966bba8300", [:mix], [], "hexpm"},
  "observer_cli": {:hex, :observer_cli, "1.5.0", "9944882b71f55b2503663d9cb54d3f1c7bbdf7cc6dd01cc40ea8ef51207601ec", [:mix, :rebar3], [{:recon, "2.5.0", [hex: :recon, repo: "hexpm", optional: false]}], "hexpm"},
  "patiently": {:hex, :patiently, "0.2.0", "67eb139591e10c4b363ae0198e832552f191c58894731efd3bf124ec4722267a", [:mix], [], "hexpm"},
  "placebo": {:hex, :placebo, "1.2.1", "303ebb597279fd77b1f6d38ec377be4932f73246351f181d6128d0a58d3f74e9", [:mix], [{:meck, "~> 0.8.9", [hex: :meck, repo: "hexpm", optional: false]}], "hexpm"},
  "recon": {:hex, :recon, "2.5.0", "2f7fcbec2c35034bade2f9717f77059dc54eb4e929a3049ca7ba6775c0bd66cd", [:mix, :rebar3], [], "hexpm"},
  "redix": {:hex, :redix, "0.9.3", "c51d66657018a9b14f3b4496b1ba70ef6a16e8414cd19b34635242ac371beb95", [:mix], [], "hexpm"},
  "retry": {:hex, :retry, "0.11.2", "29f9ab8e7d78878307f4653adc286d8a8baa6b66b6bcb67925c07a1386ef7867", [:mix], [], "hexpm"},
  "sleeplocks": {:hex, :sleeplocks, "1.1.1", "3d462a0639a6ef36cc75d6038b7393ae537ab394641beb59830a1b8271faeed3", [:rebar3], [], "hexpm"},
  "smart_city": {:hex, :smart_city, "2.1.3", "f54b15c05990daf52e338ad335c5f473acf456b25d7c882d4ce09d085752b89e", [:mix], [], "hexpm"},
  "smart_city_data": {:hex, :smart_city_data, "2.1.5", "27b7a4ce0d182cc4debb26bfdd0f3a50121fffcbfd7352decb9992658a5b5365", [:mix], [{:jason, "~> 1.1", [hex: :jason, repo: "hexpm", optional: false]}, {:smart_city, "~> 2.1", [hex: :smart_city, repo: "hexpm", optional: false]}], "hexpm"},
  "smart_city_registry": {:hex, :smart_city_registry, "2.6.6", "d9c6419cf0ca3c31d1cbe365f7478333129d39457c6e4cb155c74b3ca3cb7716", [:mix], [{:jason, "~> 1.1", [hex: :jason, repo: "hexpm", optional: false]}, {:redix, "~> 0.9.3", [hex: :redix, repo: "hexpm", optional: false]}, {:smart_city, "~> 2.1", [hex: :smart_city, repo: "hexpm", optional: false]}], "hexpm"},
  "smart_city_test": {:hex, :smart_city_test, "0.2.7", "ad8a80e3b28e98a61b2073242ecf225cc38fc0520cbdb85f93fe29c317702a04", [:mix], [{:ex_doc, "~> 0.19.3", [hex: :ex_doc, repo: "hexpm", optional: false]}, {:faker, "~> 0.12.0", [hex: :faker, repo: "hexpm", optional: false]}, {:smart_city, "~> 2.1", [hex: :smart_city, repo: "hexpm", optional: false]}], "hexpm"},
  "snappyer": {:hex, :snappyer, "1.2.4", "6d739c534cd2339633127a2b40279be71f149e5842c5363a4d88e66efb7c1fec", [:make, :rebar, :rebar3], [], "hexpm"},
  "supervisor3": {:hex, :supervisor3, "1.1.8", "5cf95c95342b589ec8d74689eea0646c0a3eb92820241e0c2d0ca4c104df92bc", [:make, :rebar, :rebar3], [], "hexpm"},
  "unsafe": {:hex, :unsafe, "1.0.1", "a27e1874f72ee49312e0a9ec2e0b27924214a05e3ddac90e91727bc76f8613d8", [:mix], [], "hexpm"},
  "yeet": {:hex, :yeet, "1.0.1", "1f0c5c7669bef7c86bf13aac4ef1967fff3da4b68169ecea56b168860086f11d", [:mix], [{:brod, "~> 3.4", [hex: :brod, repo: "hexpm", optional: false]}, {:jason, "~> 1.1", [hex: :jason, repo: "hexpm", optional: false]}], "hexpm"},
}
