dependencies:
- name: alchemist
  repository: file://../alchemist
  version: 1.0.6
- name: andi
  repository: file://../andi
  version: 2.3.19
- name: discovery-api
  repository: file://../discovery-api
  version: 1.4.13
- name: discovery-streams
  repository: file://../discovery-streams
  version: 1.1.9
- name: discovery-ui
  repository: file://../discovery-ui
  version: 1.5.22
- name: elasticsearch
  repository: https://helm.elastic.co
  version: 7.17.3
- name: external-services
  repository: file://../external-services
  version: 1.0.7
- name: forklift
  repository: file://../forklift
  version: 3.1.15
- name: kafka
  repository: file://../kafka
  version: 1.2.27
- name: kubernetes-data-platform
  repository: file://../kubernetes-data-platform
  version: 1.7.5
- name: persistence
  repository: file://../persistence
  version: 1.0.10
- name: monitoring
  repository: file://../monitoring
  version: 1.1.8
- name: raptor
  repository: file://../raptor
  version: 1.1.12
- name: reaper
  repository: file://../reaper
  version: 1.2.9
- name: valkyrie
  repository: file://../valkyrie
  version: 2.6.9
- name: vault
  repository: https://helm.releases.hashicorp.com
  version: 0.27.0
- name: operator
  repository: https://operator.min.io/
  version: 5.0.12
- name: tenant
  repository: https://operator.min.io/
  version: 5.0.12
- name: performancetesting
  repository: file://../performancetesting
  version: 0.1.9
digest: sha256:bd490744007c2b46cdda3bb27bc6be0ae0da6937d6fa11c80a4f9e0d3afdef15
generated: "2024-03-07T13:40:34.049754-05:00"
